// !$*UTF8*$!
{
	archiveVersion = 1;
	classes = {
	};
	objectVersion = 55;
	objects = {

/* Begin PBXBuildFile section */
		54097393289AB87600C87BAF /* Alamofire in Frameworks */ = {isa = PBXBuildFile; productRef = 54097392289AB87600C87BAF /* Alamofire */; };
		54097396289AB89A00C87BAF /* SwiftyJSON in Frameworks */ = {isa = PBXBuildFile; productRef = 54097395289AB89A00C87BAF /* SwiftyJSON */; };
		54097398289ABB7800C87BAF /* MainTableViewCell.swift in Sources */ = {isa = PBXBuildFile; fileRef = 54097397289ABB7800C87BAF /* MainTableViewCell.swift */; };
		5409739A289AC14A00C87BAF /* MovieModel.swift in Sources */ = {isa = PBXBuildFile; fileRef = 54097399289AC14A00C87BAF /* MovieModel.swift */; };
		540A39DA2899F6CE0051386D /* AppDelegate.swift in Sources */ = {isa = PBXBuildFile; fileRef = 540A39D92899F6CE0051386D /* AppDelegate.swift */; };
		540A39DC2899F6CE0051386D /* SceneDelegate.swift in Sources */ = {isa = PBXBuildFile; fileRef = 540A39DB2899F6CE0051386D /* SceneDelegate.swift */; };
		540A39DE2899F6CE0051386D /* ViewController.swift in Sources */ = {isa = PBXBuildFile; fileRef = 540A39DD2899F6CE0051386D /* ViewController.swift */; };
		540A39E12899F6CE0051386D /* Main.storyboard in Resources */ = {isa = PBXBuildFile; fileRef = 540A39DF2899F6CE0051386D /* Main.storyboard */; };
		540A39E32899F6CE0051386D /* Assets.xcassets in Resources */ = {isa = PBXBuildFile; fileRef = 540A39E22899F6CE0051386D /* Assets.xcassets */; };
		540A39E62899F6CE0051386D /* LaunchScreen.storyboard in Resources */ = {isa = PBXBuildFile; fileRef = 540A39E42899F6CE0051386D /* LaunchScreen.storyboard */; };
		540A39F72899F94F0051386D /* .gitignore in Resources */ = {isa = PBXBuildFile; fileRef = 540A39F62899F94F0051386D /* .gitignore */; };
		540A39FB2899F9670051386D /* APIKey.swift in Sources */ = {isa = PBXBuildFile; fileRef = 540A39FA2899F9670051386D /* APIKey.swift */; };
/* End PBXBuildFile section */

/* Begin PBXFileReference section */
		54097397289ABB7800C87BAF /* MainTableViewCell.swift */ = {isa = PBXFileReference; lastKnownFileType = sourcecode.swift; path = MainTableViewCell.swift; sourceTree = "<group>"; };
		54097399289AC14A00C87BAF /* MovieModel.swift */ = {isa = PBXFileReference; lastKnownFileType = sourcecode.swift; path = MovieModel.swift; sourceTree = "<group>"; };
		540A39D62899F6CE0051386D /* TMDBProject.app */ = {isa = PBXFileReference; explicitFileType = wrapper.application; includeInIndex = 0; path = TMDBProject.app; sourceTree = BUILT_PRODUCTS_DIR; };
		540A39D92899F6CE0051386D /* AppDelegate.swift */ = {isa = PBXFileReference; lastKnownFileType = sourcecode.swift; path = AppDelegate.swift; sourceTree = "<group>"; };
		540A39DB2899F6CE0051386D /* SceneDelegate.swift */ = {isa = PBXFileReference; lastKnownFileType = sourcecode.swift; path = SceneDelegate.swift; sourceTree = "<group>"; };
		540A39DD2899F6CE0051386D /* ViewController.swift */ = {isa = PBXFileReference; lastKnownFileType = sourcecode.swift; path = ViewController.swift; sourceTree = "<group>"; };
		540A39E02899F6CE0051386D /* Base */ = {isa = PBXFileReference; lastKnownFileType = file.storyboard; name = Base; path = Base.lproj/Main.storyboard; sourceTree = "<group>"; };
		540A39E22899F6CE0051386D /* Assets.xcassets */ = {isa = PBXFileReference; lastKnownFileType = folder.assetcatalog; path = Assets.xcassets; sourceTree = "<group>"; };
		540A39E52899F6CE0051386D /* Base */ = {isa = PBXFileReference; lastKnownFileType = file.storyboard; name = Base; path = Base.lproj/LaunchScreen.storyboard; sourceTree = "<group>"; };
		540A39E72899F6CE0051386D /* Info.plist */ = {isa = PBXFileReference; lastKnownFileType = text.plist.xml; path = Info.plist; sourceTree = "<group>"; };
		540A39F62899F94F0051386D /* .gitignore */ = {isa = PBXFileReference; lastKnownFileType = text; path = .gitignore; sourceTree = "<group>"; };
		540A39FA2899F9670051386D /* APIKey.swift */ = {isa = PBXFileReference; lastKnownFileType = sourcecode.swift; path = APIKey.swift; sourceTree = "<group>"; };
/* End PBXFileReference section */

/* Begin PBXFrameworksBuildPhase section */
		540A39D32899F6CE0051386D /* Frameworks */ = {
			isa = PBXFrameworksBuildPhase;
			buildActionMask = 2147483647;
			files = (
				54097396289AB89A00C87BAF /* SwiftyJSON in Frameworks */,
				54097393289AB87600C87BAF /* Alamofire in Frameworks */,
			);
			runOnlyForDeploymentPostprocessing = 0;
		};
/* End PBXFrameworksBuildPhase section */

/* Begin PBXGroup section */
		540A39CD2899F6CE0051386D = {
			isa = PBXGroup;
			children = (
				540A39F62899F94F0051386D /* .gitignore */,
				540A39D82899F6CE0051386D /* TMDBProject */,
				540A39D72899F6CE0051386D /* Products */,
			);
			sourceTree = "<group>";
		};
		540A39D72899F6CE0051386D /* Products */ = {
			isa = PBXGroup;
			children = (
				540A39D62899F6CE0051386D /* TMDBProject.app */,
			);
			name = Products;
			sourceTree = "<group>";
		};
		540A39D82899F6CE0051386D /* TMDBProject */ = {
			isa = PBXGroup;
			children = (
				540A39FE2899FBCA0051386D /* Key */,
				540A39D92899F6CE0051386D /* AppDelegate.swift */,
				540A39DB2899F6CE0051386D /* SceneDelegate.swift */,
				540A39DD2899F6CE0051386D /* ViewController.swift */,
				54097399289AC14A00C87BAF /* MovieModel.swift */,
				54097397289ABB7800C87BAF /* MainTableViewCell.swift */,
				540A39DF2899F6CE0051386D /* Main.storyboard */,
				540A39E22899F6CE0051386D /* Assets.xcassets */,
				540A39E42899F6CE0051386D /* LaunchScreen.storyboard */,
				540A39E72899F6CE0051386D /* Info.plist */,
			);
			path = TMDBProject;
			sourceTree = "<group>";
		};
		540A39FE2899FBCA0051386D /* Key */ = {
			isa = PBXGroup;
			children = (
				540A39FA2899F9670051386D /* APIKey.swift */,
			);
			path = Key;
			sourceTree = "<group>";
		};
/* End PBXGroup section */

/* Begin PBXNativeTarget section */
		540A39D52899F6CE0051386D /* TMDBProject */ = {
			isa = PBXNativeTarget;
			buildConfigurationList = 540A39EA2899F6CE0051386D /* Build configuration list for PBXNativeTarget "TMDBProject" */;
			buildPhases = (
				540A39D22899F6CE0051386D /* Sources */,
				540A39D32899F6CE0051386D /* Frameworks */,
				540A39D42899F6CE0051386D /* Resources */,
			);
			buildRules = (
			);
			dependencies = (
			);
			name = TMDBProject;
			packageProductDependencies = (
				54097392289AB87600C87BAF /* Alamofire */,
				54097395289AB89A00C87BAF /* SwiftyJSON */,
			);
			productName = TMDBProject;
			productReference = 540A39D62899F6CE0051386D /* TMDBProject.app */;
			productType = "com.apple.product-type.application";
		};
/* End PBXNativeTarget section */

/* Begin PBXProject section */
		540A39CE2899F6CE0051386D /* Project object */ = {
			isa = PBXProject;
			attributes = {
				BuildIndependentTargetsInParallel = 1;
				LastSwiftUpdateCheck = 1340;
				LastUpgradeCheck = 1340;
				TargetAttributes = {
					540A39D52899F6CE0051386D = {
						CreatedOnToolsVersion = 13.4.1;
					};
				};
			};
			buildConfigurationList = 540A39D12899F6CE0051386D /* Build configuration list for PBXProject "TMDBProject" */;
			compatibilityVersion = "Xcode 13.0";
			developmentRegion = en;
			hasScannedForEncodings = 0;
			knownRegions = (
				en,
				Base,
			);
			mainGroup = 540A39CD2899F6CE0051386D;
			packageReferences = (
				54097391289AB87600C87BAF /* XCRemoteSwiftPackageReference "Alamofire" */,
				54097394289AB89A00C87BAF /* XCRemoteSwiftPackageReference "SwiftyJSON" */,
			);
			productRefGroup = 540A39D72899F6CE0051386D /* Products */;
			projectDirPath = "";
			projectRoot = "";
			targets = (
				540A39D52899F6CE0051386D /* TMDBProject */,
			);
		};
/* End PBXProject section */

/* Begin PBXResourcesBuildPhase section */
		540A39D42899F6CE0051386D /* Resources */ = {
			isa = PBXResourcesBuildPhase;
			buildActionMask = 2147483647;
			files = (
				540A39F72899F94F0051386D /* .gitignore in Resources */,
				540A39E62899F6CE0051386D /* LaunchScreen.storyboard in Resources */,
				540A39E32899F6CE0051386D /* Assets.xcassets in Resources */,
				540A39E12899F6CE0051386D /* Main.storyboard in Resources */,
			);
			runOnlyForDeploymentPostprocessing = 0;
		};
/* End PBXResourcesBuildPhase section */

/* Begin PBXSourcesBuildPhase section */
		540A39D22899F6CE0051386D /* Sources */ = {
			isa = PBXSourcesBuildPhase;
			buildActionMask = 2147483647;
			files = (
				5409739A289AC14A00C87BAF /* MovieModel.swift in Sources */,
				540A39DE2899F6CE0051386D /* ViewController.swift in Sources */,
				540A39DA2899F6CE0051386D /* AppDelegate.swift in Sources */,
				540A39DC2899F6CE0051386D /* SceneDelegate.swift in Sources */,
				540A39FB2899F9670051386D /* APIKey.swift in Sources */,
				54097398289ABB7800C87BAF /* MainTableViewCell.swift in Sources */,
			);
			runOnlyForDeploymentPostprocessing = 0;
		};
/* End PBXSourcesBuildPhase section */

/* Begin PBXVariantGroup section */
		540A39DF2899F6CE0051386D /* Main.storyboard */ = {
			isa = PBXVariantGroup;
			children = (
				540A39E02899F6CE0051386D /* Base */,
			);
			name = Main.storyboard;
			sourceTree = "<group>";
		};
		540A39E42899F6CE0051386D /* LaunchScreen.storyboard */ = {
			isa = PBXVariantGroup;
			children = (
				540A39E52899F6CE0051386D /* Base */,
			);
			name = LaunchScreen.storyboard;
			sourceTree = "<group>";
		};
/* End PBXVariantGroup section */

/* Begin XCBuildConfiguration section */
		540A39E82899F6CE0051386D /* Debug */ = {
			isa = XCBuildConfiguration;
			buildSettings = {
				ALWAYS_SEARCH_USER_PATHS = NO;
				CLANG_ANALYZER_NONNULL = YES;
				CLANG_ANALYZER_NUMBER_OBJECT_CONVERSION = YES_AGGRESSIVE;
				CLANG_CXX_LANGUAGE_STANDARD = "gnu++17";
				CLANG_ENABLE_MODULES = YES;
				CLANG_ENABLE_OBJC_ARC = YES;
				CLANG_ENABLE_OBJC_WEAK = YES;
				CLANG_WARN_BLOCK_CAPTURE_AUTORELEASING = YES;
				CLANG_WARN_BOOL_CONVERSION = YES;
				CLANG_WARN_COMMA = YES;
				CLANG_WARN_CONSTANT_CONVERSION = YES;
				CLANG_WARN_DEPRECATED_OBJC_IMPLEMENTATIONS = YES;
				CLANG_WARN_DIRECT_OBJC_ISA_USAGE = YES_ERROR;
				CLANG_WARN_DOCUMENTATION_COMMENTS = YES;
				CLANG_WARN_EMPTY_BODY = YES;
				CLANG_WARN_ENUM_CONVERSION = YES;
				CLANG_WARN_INFINITE_RECURSION = YES;
				CLANG_WARN_INT_CONVERSION = YES;
				CLANG_WARN_NON_LITERAL_NULL_CONVERSION = YES;
				CLANG_WARN_OBJC_IMPLICIT_RETAIN_SELF = YES;
				CLANG_WARN_OBJC_LITERAL_CONVERSION = YES;
				CLANG_WARN_OBJC_ROOT_CLASS = YES_ERROR;
				CLANG_WARN_QUOTED_INCLUDE_IN_FRAMEWORK_HEADER = YES;
				CLANG_WARN_RANGE_LOOP_ANALYSIS = YES;
				CLANG_WARN_STRICT_PROTOTYPES = YES;
				CLANG_WARN_SUSPICIOUS_MOVE = YES;
				CLANG_WARN_UNGUARDED_AVAILABILITY = YES_AGGRESSIVE;
				CLANG_WARN_UNREACHABLE_CODE = YES;
				CLANG_WARN__DUPLICATE_METHOD_MATCH = YES;
				COPY_PHASE_STRIP = NO;
				DEBUG_INFORMATION_FORMAT = dwarf;
				ENABLE_STRICT_OBJC_MSGSEND = YES;
				ENABLE_TESTABILITY = YES;
				GCC_C_LANGUAGE_STANDARD = gnu11;
				GCC_DYNAMIC_NO_PIC = NO;
				GCC_NO_COMMON_BLOCKS = YES;
				GCC_OPTIMIZATION_LEVEL = 0;
				GCC_PREPROCESSOR_DEFINITIONS = (
					"DEBUG=1",
					"$(inherited)",
				);
				GCC_WARN_64_TO_32_BIT_CONVERSION = YES;
				GCC_WARN_ABOUT_RETURN_TYPE = YES_ERROR;
				GCC_WARN_UNDECLARED_SELECTOR = YES;
				GCC_WARN_UNINITIALIZED_AUTOS = YES_AGGRESSIVE;
				GCC_WARN_UNUSED_FUNCTION = YES;
				GCC_WARN_UNUSED_VARIABLE = YES;
				IPHONEOS_DEPLOYMENT_TARGET = 15.5;
				MTL_ENABLE_DEBUG_INFO = INCLUDE_SOURCE;
				MTL_FAST_MATH = YES;
				ONLY_ACTIVE_ARCH = YES;
				SDKROOT = iphoneos;
				SWIFT_ACTIVE_COMPILATION_CONDITIONS = DEBUG;
				SWIFT_OPTIMIZATION_LEVEL = "-Onone";
			};
			name = Debug;
		};
		540A39E92899F6CE0051386D /* Release */ = {
			isa = XCBuildConfiguration;
			buildSettings = {
				ALWAYS_SEARCH_USER_PATHS = NO;
				CLANG_ANALYZER_NONNULL = YES;
				CLANG_ANALYZER_NUMBER_OBJECT_CONVERSION = YES_AGGRESSIVE;
				CLANG_CXX_LANGUAGE_STANDARD = "gnu++17";
				CLANG_ENABLE_MODULES = YES;
				CLANG_ENABLE_OBJC_ARC = YES;
				CLANG_ENABLE_OBJC_WEAK = YES;
				CLANG_WARN_BLOCK_CAPTURE_AUTORELEASING = YES;
				CLANG_WARN_BOOL_CONVERSION = YES;
				CLANG_WARN_COMMA = YES;
				CLANG_WARN_CONSTANT_CONVERSION = YES;
				CLANG_WARN_DEPRECATED_OBJC_IMPLEMENTATIONS = YES;
				CLANG_WARN_DIRECT_OBJC_ISA_USAGE = YES_ERROR;
				CLANG_WARN_DOCUMENTATION_COMMENTS = YES;
				CLANG_WARN_EMPTY_BODY = YES;
				CLANG_WARN_ENUM_CONVERSION = YES;
				CLANG_WARN_INFINITE_RECURSION = YES;
				CLANG_WARN_INT_CONVERSION = YES;
				CLANG_WARN_NON_LITERAL_NULL_CONVERSION = YES;
				CLANG_WARN_OBJC_IMPLICIT_RETAIN_SELF = YES;
				CLANG_WARN_OBJC_LITERAL_CONVERSION = YES;
				CLANG_WARN_OBJC_ROOT_CLASS = YES_ERROR;
				CLANG_WARN_QUOTED_INCLUDE_IN_FRAMEWORK_HEADER = YES;
				CLANG_WARN_RANGE_LOOP_ANALYSIS = YES;
				CLANG_WARN_STRICT_PROTOTYPES = YES;
				CLANG_WARN_SUSPICIOUS_MOVE = YES;
				CLANG_WARN_UNGUARDED_AVAILABILITY = YES_AGGRESSIVE;
				CLANG_WARN_UNREACHABLE_CODE = YES;
				CLANG_WARN__DUPLICATE_METHOD_MATCH = YES;
				COPY_PHASE_STRIP = NO;
				DEBUG_INFORMATION_FORMAT = "dwarf-with-dsym";
				ENABLE_NS_ASSERTIONS = NO;
				ENABLE_STRICT_OBJC_MSGSEND = YES;
				GCC_C_LANGUAGE_STANDARD = gnu11;
				GCC_NO_COMMON_BLOCKS = YES;
				GCC_WARN_64_TO_32_BIT_CONVERSION = YES;
				GCC_WARN_ABOUT_RETURN_TYPE = YES_ERROR;
				GCC_WARN_UNDECLARED_SELECTOR = YES;
				GCC_WARN_UNINITIALIZED_AUTOS = YES_AGGRESSIVE;
				GCC_WARN_UNUSED_FUNCTION = YES;
				GCC_WARN_UNUSED_VARIABLE = YES;
				IPHONEOS_DEPLOYMENT_TARGET = 15.5;
				MTL_ENABLE_DEBUG_INFO = NO;
				MTL_FAST_MATH = YES;
				SDKROOT = iphoneos;
				SWIFT_COMPILATION_MODE = wholemodule;
				SWIFT_OPTIMIZATION_LEVEL = "-O";
				VALIDATE_PRODUCT = YES;
			};
			name = Release;
		};
		540A39EB2899F6CE0051386D /* Debug */ = {
			isa = XCBuildConfiguration;
			buildSettings = {
				ASSETCATALOG_COMPILER_APPICON_NAME = AppIcon;
				ASSETCATALOG_COMPILER_GLOBAL_ACCENT_COLOR_NAME = AccentColor;
				CODE_SIGN_STYLE = Automatic;
				CURRENT_PROJECT_VERSION = 1;
				DEVELOPMENT_TEAM = N67R5W6U5A;
				GENERATE_INFOPLIST_FILE = YES;
				INFOPLIST_FILE = TMDBProject/Info.plist;
				INFOPLIST_KEY_UIApplicationSupportsIndirectInputEvents = YES;
				INFOPLIST_KEY_UILaunchStoryboardName = LaunchScreen;
				INFOPLIST_KEY_UIMainStoryboardFile = Main;
				INFOPLIST_KEY_UISupportedInterfaceOrientations_iPad = "UIInterfaceOrientationPortrait UIInterfaceOrientationPortraitUpsideDown UIInterfaceOrientationLandscapeLeft UIInterfaceOrientationLandscapeRight";
				INFOPLIST_KEY_UISupportedInterfaceOrientations_iPhone = "UIInterfaceOrientationPortrait UIInterfaceOrientationLandscapeLeft UIInterfaceOrientationLandscapeRight";
				LD_RUNPATH_SEARCH_PATHS = (
					"$(inherited)",
					"@executable_path/Frameworks",
				);
				MARKETING_VERSION = 1.0;
				PRODUCT_BUNDLE_IDENTIFIER = michelle.TMDBProject;
				PRODUCT_NAME = "$(TARGET_NAME)";
				SWIFT_EMIT_LOC_STRINGS = YES;
				SWIFT_VERSION = 5.0;
				TARGETED_DEVICE_FAMILY = "1,2";
			};
			name = Debug;
		};
		540A39EC2899F6CE0051386D /* Release */ = {
			isa = XCBuildConfiguration;
			buildSettings = {
				ASSETCATALOG_COMPILER_APPICON_NAME = AppIcon;
				ASSETCATALOG_COMPILER_GLOBAL_ACCENT_COLOR_NAME = AccentColor;
				CODE_SIGN_STYLE = Automatic;
				CURRENT_PROJECT_VERSION = 1;
				DEVELOPMENT_TEAM = N67R5W6U5A;
				GENERATE_INFOPLIST_FILE = YES;
				INFOPLIST_FILE = TMDBProject/Info.plist;
				INFOPLIST_KEY_UIApplicationSupportsIndirectInputEvents = YES;
				INFOPLIST_KEY_UILaunchStoryboardName = LaunchScreen;
				INFOPLIST_KEY_UIMainStoryboardFile = Main;
				INFOPLIST_KEY_UISupportedInterfaceOrientations_iPad = "UIInterfaceOrientationPortrait UIInterfaceOrientationPortraitUpsideDown UIInterfaceOrientationLandscapeLeft UIInterfaceOrientationLandscapeRight";
				INFOPLIST_KEY_UISupportedInterfaceOrientations_iPhone = "UIInterfaceOrientationPortrait UIInterfaceOrientationLandscapeLeft UIInterfaceOrientationLandscapeRight";
				LD_RUNPATH_SEARCH_PATHS = (
					"$(inherited)",
					"@executable_path/Frameworks",
				);
				MARKETING_VERSION = 1.0;
				PRODUCT_BUNDLE_IDENTIFIER = michelle.TMDBProject;
				PRODUCT_NAME = "$(TARGET_NAME)";
				SWIFT_EMIT_LOC_STRINGS = YES;
				SWIFT_VERSION = 5.0;
				TARGETED_DEVICE_FAMILY = "1,2";
			};
			name = Release;
		};
/* End XCBuildConfiguration section */

/* Begin XCConfigurationList section */
		540A39D12899F6CE0051386D /* Build configuration list for PBXProject "TMDBProject" */ = {
			isa = XCConfigurationList;
			buildConfigurations = (
				540A39E82899F6CE0051386D /* Debug */,
				540A39E92899F6CE0051386D /* Release */,
			);
			defaultConfigurationIsVisible = 0;
			defaultConfigurationName = Release;
		};
		540A39EA2899F6CE0051386D /* Build configuration list for PBXNativeTarget "TMDBProject" */ = {
			isa = XCConfigurationList;
			buildConfigurations = (
				540A39EB2899F6CE0051386D /* Debug */,
				540A39EC2899F6CE0051386D /* Release */,
			);
			defaultConfigurationIsVisible = 0;
			defaultConfigurationName = Release;
		};
/* End XCConfigurationList section */

/* Begin XCRemoteSwiftPackageReference section */
		54097391289AB87600C87BAF /* XCRemoteSwiftPackageReference "Alamofire" */ = {
			isa = XCRemoteSwiftPackageReference;
			repositoryURL = "https://github.com/Alamofire/Alamofire.git";
			requirement = {
				kind = upToNextMajorVersion;
				minimumVersion = 5.0.0;
			};
		};
		54097394289AB89A00C87BAF /* XCRemoteSwiftPackageReference "SwiftyJSON" */ = {
			isa = XCRemoteSwiftPackageReference;
			repositoryURL = "https://github.com/SwiftyJSON/SwiftyJSON.git";
			requirement = {
				kind = upToNextMajorVersion;
				minimumVersion = 5.0.0;
			};
		};
/* End XCRemoteSwiftPackageReference section */

/* Begin XCSwiftPackageProductDependency section */
		54097392289AB87600C87BAF /* Alamofire */ = {
			isa = XCSwiftPackageProductDependency;
			package = 54097391289AB87600C87BAF /* XCRemoteSwiftPackageReference "Alamofire" */;
			productName = Alamofire;
		};
		54097395289AB89A00C87BAF /* SwiftyJSON */ = {
			isa = XCSwiftPackageProductDependency;
			package = 54097394289AB89A00C87BAF /* XCRemoteSwiftPackageReference "SwiftyJSON" */;
			productName = SwiftyJSON;
		};
/* End XCSwiftPackageProductDependency section */
	};
	rootObject = 540A39CE2899F6CE0051386D /* Project object */;
}
