// !$*UTF8*$!
{
	archiveVersion = 1;
	classes = {
	};
	objectVersion = 55;
	objects = {

/* Begin PBXBuildFile section */
		5425CA5028A73D97007D624A /* MapKit.storyboard in Resources */ = {isa = PBXBuildFile; fileRef = 5425CA4F28A73D97007D624A /* MapKit.storyboard */; };
		5425CA5228A73DE0007D624A /* MapViewController.swift in Sources */ = {isa = PBXBuildFile; fileRef = 5425CA5128A73DE0007D624A /* MapViewController.swift */; };
		5439D6C728A2A5D400858034 /* CardView.xib in Resources */ = {isa = PBXBuildFile; fileRef = 5439D6C628A2A5D400858034 /* CardView.xib */; };
		5439D6C928A2A5FC00858034 /* CardView.swift in Sources */ = {isa = PBXBuildFile; fileRef = 5439D6C828A2A5FC00858034 /* CardView.swift */; };
		5441EA6428A45821008D39FE /* Kingfisher in Frameworks */ = {isa = PBXBuildFile; productRef = 5441EA6328A45821008D39FE /* Kingfisher */; };
		54433EC128A1175E00F4CCFC /* WebViewController.swift in Sources */ = {isa = PBXBuildFile; fileRef = 54433EC028A1175E00F4CCFC /* WebViewController.swift */; };
		544C4D7628A3172600029D01 /* MainTableViewCell.swift in Sources */ = {isa = PBXBuildFile; fileRef = 544C4D7528A3172600029D01 /* MainTableViewCell.swift */; };
		544C4D7928A31AAC00029D01 /* CardCollectionViewCell.swift in Sources */ = {isa = PBXBuildFile; fileRef = 544C4D7728A31AAC00029D01 /* CardCollectionViewCell.swift */; };
		544C4D7A28A31AAC00029D01 /* CardCollectionViewCell.xib in Resources */ = {isa = PBXBuildFile; fileRef = 544C4D7828A31AAC00029D01 /* CardCollectionViewCell.xib */; };
		5455771F28A7C1B300621972 /* TheaterData.swift in Sources */ = {isa = PBXBuildFile; fileRef = 5455771E28A7C1B300621972 /* TheaterData.swift */; };
		5455772128A7C34D00621972 /* test.swift in Sources */ = {isa = PBXBuildFile; fileRef = 5455772028A7C34D00621972 /* test.swift */; };
		545AABC2289E5C4300D3F196 /* PeopleModel.swift in Sources */ = {isa = PBXBuildFile; fileRef = 545AABC1289E5C4300D3F196 /* PeopleModel.swift */; };
		546EDFF4289F90B60016D7BC /* CastTableViewCell.swift in Sources */ = {isa = PBXBuildFile; fileRef = 546EDFF2289F90B60016D7BC /* CastTableViewCell.swift */; };
		546EDFF5289F90B60016D7BC /* CastTableViewCell.xib in Resources */ = {isa = PBXBuildFile; fileRef = 546EDFF3289F90B60016D7BC /* CastTableViewCell.xib */; };
		546EDFF9289F918A0016D7BC /* OverviewTableViewCell.swift in Sources */ = {isa = PBXBuildFile; fileRef = 546EDFF7289F918A0016D7BC /* OverviewTableViewCell.swift */; };
		546EDFFA289F918A0016D7BC /* OverviewTableViewCell.xib in Resources */ = {isa = PBXBuildFile; fileRef = 546EDFF8289F918A0016D7BC /* OverviewTableViewCell.xib */; };
		54929210289F6EA000CC2DDA /* DetailViewController.swift in Sources */ = {isa = PBXBuildFile; fileRef = 5492920F289F6EA000CC2DDA /* DetailViewController.swift */; };
		5492CF0D289BA47500324766 /* AppDelegate.swift in Sources */ = {isa = PBXBuildFile; fileRef = 5492CF0C289BA47500324766 /* AppDelegate.swift */; };
		5492CF0F289BA47500324766 /* SceneDelegate.swift in Sources */ = {isa = PBXBuildFile; fileRef = 5492CF0E289BA47500324766 /* SceneDelegate.swift */; };
		5492CF11289BA47500324766 /* SearchViewController.swift in Sources */ = {isa = PBXBuildFile; fileRef = 5492CF10289BA47500324766 /* SearchViewController.swift */; };
		5492CF14289BA47500324766 /* Main.storyboard in Resources */ = {isa = PBXBuildFile; fileRef = 5492CF12289BA47500324766 /* Main.storyboard */; };
		5492CF16289BA47600324766 /* Assets.xcassets in Resources */ = {isa = PBXBuildFile; fileRef = 5492CF15289BA47600324766 /* Assets.xcassets */; };
		5492CF19289BA47600324766 /* LaunchScreen.storyboard in Resources */ = {isa = PBXBuildFile; fileRef = 5492CF17289BA47600324766 /* LaunchScreen.storyboard */; };
		5492CF21289BA4A100324766 /* .gitignore in Resources */ = {isa = PBXBuildFile; fileRef = 5492CF20289BA4A100324766 /* .gitignore */; };
		5492CF23289BA53300324766 /* APIKey.swift in Sources */ = {isa = PBXBuildFile; fileRef = 5492CF22289BA53300324766 /* APIKey.swift */; };
		5492CF27289BA5B900324766 /* Alamofire in Frameworks */ = {isa = PBXBuildFile; productRef = 5492CF26289BA5B900324766 /* Alamofire */; };
		5492CF2A289BA5D800324766 /* SwiftyJSON in Frameworks */ = {isa = PBXBuildFile; productRef = 5492CF29289BA5D800324766 /* SwiftyJSON */; };
		549C547028A23D1C00FC3EFC /* Netflix.storyboard in Resources */ = {isa = PBXBuildFile; fileRef = 549C546F28A23D1C00FC3EFC /* Netflix.storyboard */; };
		549C547228A23D3B00FC3EFC /* NetflixViewController.swift in Sources */ = {isa = PBXBuildFile; fileRef = 549C547128A23D3B00FC3EFC /* NetflixViewController.swift */; };
		54C1508E289CDA7C0075E0AA /* MainCollectionViewCell.swift in Sources */ = {isa = PBXBuildFile; fileRef = 54C1508C289CDA7C0075E0AA /* MainCollectionViewCell.swift */; };
		54C1508F289CDA7C0075E0AA /* MainCollectionViewCell.xib in Resources */ = {isa = PBXBuildFile; fileRef = 54C1508D289CDA7C0075E0AA /* MainCollectionViewCell.xib */; };
		54DAB98D289D00FA008D8B75 /* MovieModel.swift in Sources */ = {isa = PBXBuildFile; fileRef = 54DAB98C289D00FA008D8B75 /* MovieModel.swift */; };
		54DAB990289D0DAA008D8B75 /* SearchAPIManager.swift in Sources */ = {isa = PBXBuildFile; fileRef = 54DAB98F289D0DAA008D8B75 /* SearchAPIManager.swift */; };
		54F9962728A51C7F00FFCE81 /* GenreAPIManager.swift in Sources */ = {isa = PBXBuildFile; fileRef = 54F9962628A51C7F00FFCE81 /* GenreAPIManager.swift */; };
/* End PBXBuildFile section */

/* Begin PBXFileReference section */
		5425CA4F28A73D97007D624A /* MapKit.storyboard */ = {isa = PBXFileReference; lastKnownFileType = file.storyboard; path = MapKit.storyboard; sourceTree = "<group>"; };
		5425CA5128A73DE0007D624A /* MapViewController.swift */ = {isa = PBXFileReference; lastKnownFileType = sourcecode.swift; path = MapViewController.swift; sourceTree = "<group>"; };
		5439D6C628A2A5D400858034 /* CardView.xib */ = {isa = PBXFileReference; lastKnownFileType = file.xib; path = CardView.xib; sourceTree = "<group>"; };
		5439D6C828A2A5FC00858034 /* CardView.swift */ = {isa = PBXFileReference; lastKnownFileType = sourcecode.swift; path = CardView.swift; sourceTree = "<group>"; };
		54433EC028A1175E00F4CCFC /* WebViewController.swift */ = {isa = PBXFileReference; lastKnownFileType = sourcecode.swift; path = WebViewController.swift; sourceTree = "<group>"; };
		544C4D7528A3172600029D01 /* MainTableViewCell.swift */ = {isa = PBXFileReference; lastKnownFileType = sourcecode.swift; path = MainTableViewCell.swift; sourceTree = "<group>"; };
		544C4D7728A31AAC00029D01 /* CardCollectionViewCell.swift */ = {isa = PBXFileReference; lastKnownFileType = sourcecode.swift; path = CardCollectionViewCell.swift; sourceTree = "<group>"; };
		544C4D7828A31AAC00029D01 /* CardCollectionViewCell.xib */ = {isa = PBXFileReference; lastKnownFileType = file.xib; path = CardCollectionViewCell.xib; sourceTree = "<group>"; };
		5455771E28A7C1B300621972 /* TheaterData.swift */ = {isa = PBXFileReference; lastKnownFileType = sourcecode.swift; path = TheaterData.swift; sourceTree = "<group>"; };
		5455772028A7C34D00621972 /* test.swift */ = {isa = PBXFileReference; lastKnownFileType = sourcecode.swift; path = test.swift; sourceTree = "<group>"; };
		545AABC1289E5C4300D3F196 /* PeopleModel.swift */ = {isa = PBXFileReference; lastKnownFileType = sourcecode.swift; path = PeopleModel.swift; sourceTree = "<group>"; };
		546EDFF2289F90B60016D7BC /* CastTableViewCell.swift */ = {isa = PBXFileReference; lastKnownFileType = sourcecode.swift; path = CastTableViewCell.swift; sourceTree = "<group>"; };
		546EDFF3289F90B60016D7BC /* CastTableViewCell.xib */ = {isa = PBXFileReference; lastKnownFileType = file.xib; path = CastTableViewCell.xib; sourceTree = "<group>"; };
		546EDFF7289F918A0016D7BC /* OverviewTableViewCell.swift */ = {isa = PBXFileReference; lastKnownFileType = sourcecode.swift; path = OverviewTableViewCell.swift; sourceTree = "<group>"; };
		546EDFF8289F918A0016D7BC /* OverviewTableViewCell.xib */ = {isa = PBXFileReference; lastKnownFileType = file.xib; path = OverviewTableViewCell.xib; sourceTree = "<group>"; };
		5492920F289F6EA000CC2DDA /* DetailViewController.swift */ = {isa = PBXFileReference; lastKnownFileType = sourcecode.swift; path = DetailViewController.swift; sourceTree = "<group>"; };
		5492CF09289BA47500324766 /* UpgradeTMDB.app */ = {isa = PBXFileReference; explicitFileType = wrapper.application; includeInIndex = 0; path = UpgradeTMDB.app; sourceTree = BUILT_PRODUCTS_DIR; };
		5492CF0C289BA47500324766 /* AppDelegate.swift */ = {isa = PBXFileReference; lastKnownFileType = sourcecode.swift; path = AppDelegate.swift; sourceTree = "<group>"; };
		5492CF0E289BA47500324766 /* SceneDelegate.swift */ = {isa = PBXFileReference; lastKnownFileType = sourcecode.swift; path = SceneDelegate.swift; sourceTree = "<group>"; };
		5492CF10289BA47500324766 /* SearchViewController.swift */ = {isa = PBXFileReference; lastKnownFileType = sourcecode.swift; path = SearchViewController.swift; sourceTree = "<group>"; };
		5492CF13289BA47500324766 /* Base */ = {isa = PBXFileReference; lastKnownFileType = file.storyboard; name = Base; path = Base.lproj/Main.storyboard; sourceTree = "<group>"; };
		5492CF15289BA47600324766 /* Assets.xcassets */ = {isa = PBXFileReference; lastKnownFileType = folder.assetcatalog; path = Assets.xcassets; sourceTree = "<group>"; };
		5492CF18289BA47600324766 /* Base */ = {isa = PBXFileReference; lastKnownFileType = file.storyboard; name = Base; path = Base.lproj/LaunchScreen.storyboard; sourceTree = "<group>"; };
		5492CF1A289BA47600324766 /* Info.plist */ = {isa = PBXFileReference; lastKnownFileType = text.plist.xml; path = Info.plist; sourceTree = "<group>"; };
		5492CF20289BA4A100324766 /* .gitignore */ = {isa = PBXFileReference; lastKnownFileType = text; path = .gitignore; sourceTree = "<group>"; };
		5492CF22289BA53300324766 /* APIKey.swift */ = {isa = PBXFileReference; lastKnownFileType = sourcecode.swift; path = APIKey.swift; sourceTree = "<group>"; };
		549C546F28A23D1C00FC3EFC /* Netflix.storyboard */ = {isa = PBXFileReference; lastKnownFileType = file.storyboard; path = Netflix.storyboard; sourceTree = "<group>"; };
		549C547128A23D3B00FC3EFC /* NetflixViewController.swift */ = {isa = PBXFileReference; lastKnownFileType = sourcecode.swift; path = NetflixViewController.swift; sourceTree = "<group>"; };
		54C1508C289CDA7C0075E0AA /* MainCollectionViewCell.swift */ = {isa = PBXFileReference; lastKnownFileType = sourcecode.swift; path = MainCollectionViewCell.swift; sourceTree = "<group>"; };
		54C1508D289CDA7C0075E0AA /* MainCollectionViewCell.xib */ = {isa = PBXFileReference; lastKnownFileType = file.xib; path = MainCollectionViewCell.xib; sourceTree = "<group>"; };
		54DAB98C289D00FA008D8B75 /* MovieModel.swift */ = {isa = PBXFileReference; lastKnownFileType = sourcecode.swift; path = MovieModel.swift; sourceTree = "<group>"; };
		54DAB98F289D0DAA008D8B75 /* SearchAPIManager.swift */ = {isa = PBXFileReference; lastKnownFileType = sourcecode.swift; path = SearchAPIManager.swift; sourceTree = "<group>"; };
		54F9962628A51C7F00FFCE81 /* GenreAPIManager.swift */ = {isa = PBXFileReference; lastKnownFileType = sourcecode.swift; path = GenreAPIManager.swift; sourceTree = "<group>"; };
/* End PBXFileReference section */

/* Begin PBXFrameworksBuildPhase section */
		5492CF06289BA47500324766 /* Frameworks */ = {
			isa = PBXFrameworksBuildPhase;
			buildActionMask = 2147483647;
			files = (
				5441EA6428A45821008D39FE /* Kingfisher in Frameworks */,
				5492CF2A289BA5D800324766 /* SwiftyJSON in Frameworks */,
				5492CF27289BA5B900324766 /* Alamofire in Frameworks */,
			);
			runOnlyForDeploymentPostprocessing = 0;
		};
/* End PBXFrameworksBuildPhase section */

/* Begin PBXGroup section */
		5425CA4E28A73D7B007D624A /* MapKit */ = {
			isa = PBXGroup;
			children = (
				5425CA4F28A73D97007D624A /* MapKit.storyboard */,
				5425CA5128A73DE0007D624A /* MapViewController.swift */,
				5455771E28A7C1B300621972 /* TheaterData.swift */,
			);
			path = MapKit;
			sourceTree = "<group>";
		};
		546EDFF6289F90C60016D7BC /* DetailViews */ = {
			isa = PBXGroup;
			children = (
				5492920F289F6EA000CC2DDA /* DetailViewController.swift */,
				54433EC028A1175E00F4CCFC /* WebViewController.swift */,
				546EDFF3289F90B60016D7BC /* CastTableViewCell.xib */,
				546EDFF2289F90B60016D7BC /* CastTableViewCell.swift */,
				546EDFF7289F918A0016D7BC /* OverviewTableViewCell.swift */,
				546EDFF8289F918A0016D7BC /* OverviewTableViewCell.xib */,
			);
			path = DetailViews;
			sourceTree = "<group>";
		};
		54929212289F848700CC2DDA /* Models */ = {
			isa = PBXGroup;
			children = (
				54DAB98C289D00FA008D8B75 /* MovieModel.swift */,
				545AABC1289E5C4300D3F196 /* PeopleModel.swift */,
			);
			path = Models;
			sourceTree = "<group>";
		};
		54929213289F849800CC2DDA /* Main */ = {
			isa = PBXGroup;
			children = (
				5492CF12289BA47500324766 /* Main.storyboard */,
				5492CF10289BA47500324766 /* SearchViewController.swift */,
				54C1508C289CDA7C0075E0AA /* MainCollectionViewCell.swift */,
				54C1508D289CDA7C0075E0AA /* MainCollectionViewCell.xib */,
			);
			path = Main;
			sourceTree = "<group>";
		};
		5492CF00289BA47500324766 = {
			isa = PBXGroup;
			children = (
				5492CF20289BA4A100324766 /* .gitignore */,
				5492CF0B289BA47500324766 /* UpgradeTMDB */,
				5492CF0A289BA47500324766 /* Products */,
			);
			sourceTree = "<group>";
		};
		5492CF0A289BA47500324766 /* Products */ = {
			isa = PBXGroup;
			children = (
				5492CF09289BA47500324766 /* UpgradeTMDB.app */,
			);
			name = Products;
			sourceTree = "<group>";
		};
		5492CF0B289BA47500324766 /* UpgradeTMDB */ = {
			isa = PBXGroup;
			children = (
				5425CA4E28A73D7B007D624A /* MapKit */,
				549C546E28A23C5A00FC3EFC /* Netflix */,
				54929213289F849800CC2DDA /* Main */,
				546EDFF6289F90C60016D7BC /* DetailViews */,
				54929212289F848700CC2DDA /* Models */,
				54DAB98E289D0D8B008D8B75 /* APIManager */,
				5492CF24289BA54700324766 /* Key */,
				5492CF0C289BA47500324766 /* AppDelegate.swift */,
				5492CF0E289BA47500324766 /* SceneDelegate.swift */,
				5492CF17289BA47600324766 /* LaunchScreen.storyboard */,
				5492CF15289BA47600324766 /* Assets.xcassets */,
				5492CF1A289BA47600324766 /* Info.plist */,
				5455772028A7C34D00621972 /* test.swift */,
			);
			path = UpgradeTMDB;
			sourceTree = "<group>";
		};
		5492CF24289BA54700324766 /* Key */ = {
			isa = PBXGroup;
			children = (
				5492CF22289BA53300324766 /* APIKey.swift */,
			);
			path = Key;
			sourceTree = "<group>";
		};
		549C546E28A23C5A00FC3EFC /* Netflix */ = {
			isa = PBXGroup;
			children = (
				549C546F28A23D1C00FC3EFC /* Netflix.storyboard */,
				549C547128A23D3B00FC3EFC /* NetflixViewController.swift */,
				5439D6C828A2A5FC00858034 /* CardView.swift */,
				5439D6C628A2A5D400858034 /* CardView.xib */,
				544C4D7528A3172600029D01 /* MainTableViewCell.swift */,
				544C4D7728A31AAC00029D01 /* CardCollectionViewCell.swift */,
				544C4D7828A31AAC00029D01 /* CardCollectionViewCell.xib */,
			);
			path = Netflix;
			sourceTree = "<group>";
		};
		54DAB98E289D0D8B008D8B75 /* APIManager */ = {
			isa = PBXGroup;
			children = (
				54DAB98F289D0DAA008D8B75 /* SearchAPIManager.swift */,
				54F9962628A51C7F00FFCE81 /* GenreAPIManager.swift */,
			);
			path = APIManager;
			sourceTree = "<group>";
		};
/* End PBXGroup section */

/* Begin PBXNativeTarget section */
		5492CF08289BA47500324766 /* UpgradeTMDB */ = {
			isa = PBXNativeTarget;
			buildConfigurationList = 5492CF1D289BA47600324766 /* Build configuration list for PBXNativeTarget "UpgradeTMDB" */;
			buildPhases = (
				5492CF05289BA47500324766 /* Sources */,
				5492CF06289BA47500324766 /* Frameworks */,
				5492CF07289BA47500324766 /* Resources */,
			);
			buildRules = (
			);
			dependencies = (
			);
			name = UpgradeTMDB;
			packageProductDependencies = (
				5492CF26289BA5B900324766 /* Alamofire */,
				5492CF29289BA5D800324766 /* SwiftyJSON */,
				5441EA6328A45821008D39FE /* Kingfisher */,
			);
			productName = UpgradeTMDB;
			productReference = 5492CF09289BA47500324766 /* UpgradeTMDB.app */;
			productType = "com.apple.product-type.application";
		};
/* End PBXNativeTarget section */

/* Begin PBXProject section */
		5492CF01289BA47500324766 /* Project object */ = {
			isa = PBXProject;
			attributes = {
				BuildIndependentTargetsInParallel = 1;
				LastSwiftUpdateCheck = 1340;
				LastUpgradeCheck = 1340;
				TargetAttributes = {
					5492CF08289BA47500324766 = {
						CreatedOnToolsVersion = 13.4.1;
					};
				};
			};
			buildConfigurationList = 5492CF04289BA47500324766 /* Build configuration list for PBXProject "UpgradeTMDB" */;
			compatibilityVersion = "Xcode 13.0";
			developmentRegion = en;
			hasScannedForEncodings = 0;
			knownRegions = (
				en,
				Base,
			);
			mainGroup = 5492CF00289BA47500324766;
			packageReferences = (
				5492CF25289BA5B900324766 /* XCRemoteSwiftPackageReference "Alamofire" */,
				5492CF28289BA5D800324766 /* XCRemoteSwiftPackageReference "SwiftyJSON" */,
				5441EA6228A45821008D39FE /* XCRemoteSwiftPackageReference "Kingfisher" */,
			);
			productRefGroup = 5492CF0A289BA47500324766 /* Products */;
			projectDirPath = "";
			projectRoot = "";
			targets = (
				5492CF08289BA47500324766 /* UpgradeTMDB */,
			);
		};
/* End PBXProject section */

/* Begin PBXResourcesBuildPhase section */
		5492CF07289BA47500324766 /* Resources */ = {
			isa = PBXResourcesBuildPhase;
			buildActionMask = 2147483647;
			files = (
				5492CF21289BA4A100324766 /* .gitignore in Resources */,
				5425CA5028A73D97007D624A /* MapKit.storyboard in Resources */,
				546EDFF5289F90B60016D7BC /* CastTableViewCell.xib in Resources */,
				5492CF19289BA47600324766 /* LaunchScreen.storyboard in Resources */,
				549C547028A23D1C00FC3EFC /* Netflix.storyboard in Resources */,
				5492CF16289BA47600324766 /* Assets.xcassets in Resources */,
				546EDFFA289F918A0016D7BC /* OverviewTableViewCell.xib in Resources */,
				544C4D7A28A31AAC00029D01 /* CardCollectionViewCell.xib in Resources */,
				54C1508F289CDA7C0075E0AA /* MainCollectionViewCell.xib in Resources */,
				5492CF14289BA47500324766 /* Main.storyboard in Resources */,
				5439D6C728A2A5D400858034 /* CardView.xib in Resources */,
			);
			runOnlyForDeploymentPostprocessing = 0;
		};
/* End PBXResourcesBuildPhase section */

/* Begin PBXSourcesBuildPhase section */
		5492CF05289BA47500324766 /* Sources */ = {
			isa = PBXSourcesBuildPhase;
			buildActionMask = 2147483647;
			files = (
				5439D6C928A2A5FC00858034 /* CardView.swift in Sources */,
				54F9962728A51C7F00FFCE81 /* GenreAPIManager.swift in Sources */,
				546EDFF9289F918A0016D7BC /* OverviewTableViewCell.swift in Sources */,
				54929210289F6EA000CC2DDA /* DetailViewController.swift in Sources */,
				5455771F28A7C1B300621972 /* TheaterData.swift in Sources */,
				54DAB990289D0DAA008D8B75 /* SearchAPIManager.swift in Sources */,
				544C4D7628A3172600029D01 /* MainTableViewCell.swift in Sources */,
				54DAB98D289D00FA008D8B75 /* MovieModel.swift in Sources */,
				545AABC2289E5C4300D3F196 /* PeopleModel.swift in Sources */,
				5492CF11289BA47500324766 /* SearchViewController.swift in Sources */,
				544C4D7928A31AAC00029D01 /* CardCollectionViewCell.swift in Sources */,
				5492CF0D289BA47500324766 /* AppDelegate.swift in Sources */,
				54433EC128A1175E00F4CCFC /* WebViewController.swift in Sources */,
				5455772128A7C34D00621972 /* test.swift in Sources */,
				546EDFF4289F90B60016D7BC /* CastTableViewCell.swift in Sources */,
				5425CA5228A73DE0007D624A /* MapViewController.swift in Sources */,
				54C1508E289CDA7C0075E0AA /* MainCollectionViewCell.swift in Sources */,
				5492CF23289BA53300324766 /* APIKey.swift in Sources */,
				5492CF0F289BA47500324766 /* SceneDelegate.swift in Sources */,
				549C547228A23D3B00FC3EFC /* NetflixViewController.swift in Sources */,
			);
			runOnlyForDeploymentPostprocessing = 0;
		};
/* End PBXSourcesBuildPhase section */

/* Begin PBXVariantGroup section */
		5492CF12289BA47500324766 /* Main.storyboard */ = {
			isa = PBXVariantGroup;
			children = (
				5492CF13289BA47500324766 /* Base */,
			);
			name = Main.storyboard;
			sourceTree = "<group>";
		};
		5492CF17289BA47600324766 /* LaunchScreen.storyboard */ = {
			isa = PBXVariantGroup;
			children = (
				5492CF18289BA47600324766 /* Base */,
			);
			name = LaunchScreen.storyboard;
			sourceTree = "<group>";
		};
/* End PBXVariantGroup section */

/* Begin XCBuildConfiguration section */
		5492CF1B289BA47600324766 /* Debug */ = {
			isa = XCBuildConfiguration;
			buildSettings = {
				ALWAYS_SEARCH_USER_PATHS = NO;
				CLANG_ANALYZER_NONNULL = YES;
				CLANG_ANALYZER_NUMBER_OBJECT_CONVERSION = YES_AGGRESSIVE;
				CLANG_CXX_LANGUAGE_STANDARD = "gnu++17";
				CLANG_ENABLE_MODULES = YES;
				CLANG_ENABLE_OBJC_ARC = YES;
				CLANG_ENABLE_OBJC_WEAK = YES;
				CLANG_WARN_BLOCK_CAPTURE_AUTORELEASING = YES;
				CLANG_WARN_BOOL_CONVERSION = YES;
				CLANG_WARN_COMMA = YES;
				CLANG_WARN_CONSTANT_CONVERSION = YES;
				CLANG_WARN_DEPRECATED_OBJC_IMPLEMENTATIONS = YES;
				CLANG_WARN_DIRECT_OBJC_ISA_USAGE = YES_ERROR;
				CLANG_WARN_DOCUMENTATION_COMMENTS = YES;
				CLANG_WARN_EMPTY_BODY = YES;
				CLANG_WARN_ENUM_CONVERSION = YES;
				CLANG_WARN_INFINITE_RECURSION = YES;
				CLANG_WARN_INT_CONVERSION = YES;
				CLANG_WARN_NON_LITERAL_NULL_CONVERSION = YES;
				CLANG_WARN_OBJC_IMPLICIT_RETAIN_SELF = YES;
				CLANG_WARN_OBJC_LITERAL_CONVERSION = YES;
				CLANG_WARN_OBJC_ROOT_CLASS = YES_ERROR;
				CLANG_WARN_QUOTED_INCLUDE_IN_FRAMEWORK_HEADER = YES;
				CLANG_WARN_RANGE_LOOP_ANALYSIS = YES;
				CLANG_WARN_STRICT_PROTOTYPES = YES;
				CLANG_WARN_SUSPICIOUS_MOVE = YES;
				CLANG_WARN_UNGUARDED_AVAILABILITY = YES_AGGRESSIVE;
				CLANG_WARN_UNREACHABLE_CODE = YES;
				CLANG_WARN__DUPLICATE_METHOD_MATCH = YES;
				COPY_PHASE_STRIP = NO;
				DEBUG_INFORMATION_FORMAT = dwarf;
				ENABLE_STRICT_OBJC_MSGSEND = YES;
				ENABLE_TESTABILITY = YES;
				GCC_C_LANGUAGE_STANDARD = gnu11;
				GCC_DYNAMIC_NO_PIC = NO;
				GCC_NO_COMMON_BLOCKS = YES;
				GCC_OPTIMIZATION_LEVEL = 0;
				GCC_PREPROCESSOR_DEFINITIONS = (
					"DEBUG=1",
					"$(inherited)",
				);
				GCC_WARN_64_TO_32_BIT_CONVERSION = YES;
				GCC_WARN_ABOUT_RETURN_TYPE = YES_ERROR;
				GCC_WARN_UNDECLARED_SELECTOR = YES;
				GCC_WARN_UNINITIALIZED_AUTOS = YES_AGGRESSIVE;
				GCC_WARN_UNUSED_FUNCTION = YES;
				GCC_WARN_UNUSED_VARIABLE = YES;
				IPHONEOS_DEPLOYMENT_TARGET = 15.5;
				MTL_ENABLE_DEBUG_INFO = INCLUDE_SOURCE;
				MTL_FAST_MATH = YES;
				ONLY_ACTIVE_ARCH = YES;
				SDKROOT = iphoneos;
				SWIFT_ACTIVE_COMPILATION_CONDITIONS = DEBUG;
				SWIFT_OPTIMIZATION_LEVEL = "-Onone";
			};
			name = Debug;
		};
		5492CF1C289BA47600324766 /* Release */ = {
			isa = XCBuildConfiguration;
			buildSettings = {
				ALWAYS_SEARCH_USER_PATHS = NO;
				CLANG_ANALYZER_NONNULL = YES;
				CLANG_ANALYZER_NUMBER_OBJECT_CONVERSION = YES_AGGRESSIVE;
				CLANG_CXX_LANGUAGE_STANDARD = "gnu++17";
				CLANG_ENABLE_MODULES = YES;
				CLANG_ENABLE_OBJC_ARC = YES;
				CLANG_ENABLE_OBJC_WEAK = YES;
				CLANG_WARN_BLOCK_CAPTURE_AUTORELEASING = YES;
				CLANG_WARN_BOOL_CONVERSION = YES;
				CLANG_WARN_COMMA = YES;
				CLANG_WARN_CONSTANT_CONVERSION = YES;
				CLANG_WARN_DEPRECATED_OBJC_IMPLEMENTATIONS = YES;
				CLANG_WARN_DIRECT_OBJC_ISA_USAGE = YES_ERROR;
				CLANG_WARN_DOCUMENTATION_COMMENTS = YES;
				CLANG_WARN_EMPTY_BODY = YES;
				CLANG_WARN_ENUM_CONVERSION = YES;
				CLANG_WARN_INFINITE_RECURSION = YES;
				CLANG_WARN_INT_CONVERSION = YES;
				CLANG_WARN_NON_LITERAL_NULL_CONVERSION = YES;
				CLANG_WARN_OBJC_IMPLICIT_RETAIN_SELF = YES;
				CLANG_WARN_OBJC_LITERAL_CONVERSION = YES;
				CLANG_WARN_OBJC_ROOT_CLASS = YES_ERROR;
				CLANG_WARN_QUOTED_INCLUDE_IN_FRAMEWORK_HEADER = YES;
				CLANG_WARN_RANGE_LOOP_ANALYSIS = YES;
				CLANG_WARN_STRICT_PROTOTYPES = YES;
				CLANG_WARN_SUSPICIOUS_MOVE = YES;
				CLANG_WARN_UNGUARDED_AVAILABILITY = YES_AGGRESSIVE;
				CLANG_WARN_UNREACHABLE_CODE = YES;
				CLANG_WARN__DUPLICATE_METHOD_MATCH = YES;
				COPY_PHASE_STRIP = NO;
				DEBUG_INFORMATION_FORMAT = "dwarf-with-dsym";
				ENABLE_NS_ASSERTIONS = NO;
				ENABLE_STRICT_OBJC_MSGSEND = YES;
				GCC_C_LANGUAGE_STANDARD = gnu11;
				GCC_NO_COMMON_BLOCKS = YES;
				GCC_WARN_64_TO_32_BIT_CONVERSION = YES;
				GCC_WARN_ABOUT_RETURN_TYPE = YES_ERROR;
				GCC_WARN_UNDECLARED_SELECTOR = YES;
				GCC_WARN_UNINITIALIZED_AUTOS = YES_AGGRESSIVE;
				GCC_WARN_UNUSED_FUNCTION = YES;
				GCC_WARN_UNUSED_VARIABLE = YES;
				IPHONEOS_DEPLOYMENT_TARGET = 15.5;
				MTL_ENABLE_DEBUG_INFO = NO;
				MTL_FAST_MATH = YES;
				SDKROOT = iphoneos;
				SWIFT_COMPILATION_MODE = wholemodule;
				SWIFT_OPTIMIZATION_LEVEL = "-O";
				VALIDATE_PRODUCT = YES;
			};
			name = Release;
		};
		5492CF1E289BA47600324766 /* Debug */ = {
			isa = XCBuildConfiguration;
			buildSettings = {
				ASSETCATALOG_COMPILER_APPICON_NAME = AppIcon;
				ASSETCATALOG_COMPILER_GLOBAL_ACCENT_COLOR_NAME = AccentColor;
				CODE_SIGN_STYLE = Automatic;
				CURRENT_PROJECT_VERSION = 1;
				DEVELOPMENT_TEAM = N67R5W6U5A;
				GENERATE_INFOPLIST_FILE = YES;
				INFOPLIST_FILE = UpgradeTMDB/Info.plist;
				INFOPLIST_KEY_UIApplicationSupportsIndirectInputEvents = YES;
				INFOPLIST_KEY_UILaunchStoryboardName = LaunchScreen;
				INFOPLIST_KEY_UIMainStoryboardFile = Netflix;
				INFOPLIST_KEY_UISupportedInterfaceOrientations_iPad = "UIInterfaceOrientationPortrait UIInterfaceOrientationPortraitUpsideDown UIInterfaceOrientationLandscapeLeft UIInterfaceOrientationLandscapeRight";
				INFOPLIST_KEY_UISupportedInterfaceOrientations_iPhone = "UIInterfaceOrientationPortrait UIInterfaceOrientationLandscapeLeft UIInterfaceOrientationLandscapeRight";
				LD_RUNPATH_SEARCH_PATHS = (
					"$(inherited)",
					"@executable_path/Frameworks",
				);
				MARKETING_VERSION = 1.0;
				PRODUCT_BUNDLE_IDENTIFIER = michelle.UpgradeTMDB;
				PRODUCT_NAME = "$(TARGET_NAME)";
				SWIFT_EMIT_LOC_STRINGS = YES;
				SWIFT_VERSION = 5.0;
				TARGETED_DEVICE_FAMILY = "1,2";
			};
			name = Debug;
		};
		5492CF1F289BA47600324766 /* Release */ = {
			isa = XCBuildConfiguration;
			buildSettings = {
				ASSETCATALOG_COMPILER_APPICON_NAME = AppIcon;
				ASSETCATALOG_COMPILER_GLOBAL_ACCENT_COLOR_NAME = AccentColor;
				CODE_SIGN_STYLE = Automatic;
				CURRENT_PROJECT_VERSION = 1;
				DEVELOPMENT_TEAM = N67R5W6U5A;
				GENERATE_INFOPLIST_FILE = YES;
				INFOPLIST_FILE = UpgradeTMDB/Info.plist;
				INFOPLIST_KEY_UIApplicationSupportsIndirectInputEvents = YES;
				INFOPLIST_KEY_UILaunchStoryboardName = LaunchScreen;
				INFOPLIST_KEY_UIMainStoryboardFile = Netflix;
				INFOPLIST_KEY_UISupportedInterfaceOrientations_iPad = "UIInterfaceOrientationPortrait UIInterfaceOrientationPortraitUpsideDown UIInterfaceOrientationLandscapeLeft UIInterfaceOrientationLandscapeRight";
				INFOPLIST_KEY_UISupportedInterfaceOrientations_iPhone = "UIInterfaceOrientationPortrait UIInterfaceOrientationLandscapeLeft UIInterfaceOrientationLandscapeRight";
				LD_RUNPATH_SEARCH_PATHS = (
					"$(inherited)",
					"@executable_path/Frameworks",
				);
				MARKETING_VERSION = 1.0;
				PRODUCT_BUNDLE_IDENTIFIER = michelle.UpgradeTMDB;
				PRODUCT_NAME = "$(TARGET_NAME)";
				SWIFT_EMIT_LOC_STRINGS = YES;
				SWIFT_VERSION = 5.0;
				TARGETED_DEVICE_FAMILY = "1,2";
			};
			name = Release;
		};
/* End XCBuildConfiguration section */

/* Begin XCConfigurationList section */
		5492CF04289BA47500324766 /* Build configuration list for PBXProject "UpgradeTMDB" */ = {
			isa = XCConfigurationList;
			buildConfigurations = (
				5492CF1B289BA47600324766 /* Debug */,
				5492CF1C289BA47600324766 /* Release */,
			);
			defaultConfigurationIsVisible = 0;
			defaultConfigurationName = Release;
		};
		5492CF1D289BA47600324766 /* Build configuration list for PBXNativeTarget "UpgradeTMDB" */ = {
			isa = XCConfigurationList;
			buildConfigurations = (
				5492CF1E289BA47600324766 /* Debug */,
				5492CF1F289BA47600324766 /* Release */,
			);
			defaultConfigurationIsVisible = 0;
			defaultConfigurationName = Release;
		};
/* End XCConfigurationList section */

/* Begin XCRemoteSwiftPackageReference section */
		5441EA6228A45821008D39FE /* XCRemoteSwiftPackageReference "Kingfisher" */ = {
			isa = XCRemoteSwiftPackageReference;
			repositoryURL = "https://github.com/onevcat/Kingfisher.git";
			requirement = {
				kind = upToNextMajorVersion;
				minimumVersion = 7.0.0;
			};
		};
		5492CF25289BA5B900324766 /* XCRemoteSwiftPackageReference "Alamofire" */ = {
			isa = XCRemoteSwiftPackageReference;
			repositoryURL = "https://github.com/Alamofire/Alamofire.git";
			requirement = {
				kind = upToNextMajorVersion;
				minimumVersion = 5.0.0;
			};
		};
		5492CF28289BA5D800324766 /* XCRemoteSwiftPackageReference "SwiftyJSON" */ = {
			isa = XCRemoteSwiftPackageReference;
			repositoryURL = "https://github.com/SwiftyJSON/SwiftyJSON.git";
			requirement = {
				kind = upToNextMajorVersion;
				minimumVersion = 5.0.0;
			};
		};
/* End XCRemoteSwiftPackageReference section */

/* Begin XCSwiftPackageProductDependency section */
		5441EA6328A45821008D39FE /* Kingfisher */ = {
			isa = XCSwiftPackageProductDependency;
			package = 5441EA6228A45821008D39FE /* XCRemoteSwiftPackageReference "Kingfisher" */;
			productName = Kingfisher;
		};
		5492CF26289BA5B900324766 /* Alamofire */ = {
			isa = XCSwiftPackageProductDependency;
			package = 5492CF25289BA5B900324766 /* XCRemoteSwiftPackageReference "Alamofire" */;
			productName = Alamofire;
		};
		5492CF29289BA5D800324766 /* SwiftyJSON */ = {
			isa = XCSwiftPackageProductDependency;
			package = 5492CF28289BA5D800324766 /* XCRemoteSwiftPackageReference "SwiftyJSON" */;
			productName = SwiftyJSON;
		};
/* End XCSwiftPackageProductDependency section */
	};
	rootObject = 5492CF01289BA47500324766 /* Project object */;
}
