// !$*UTF8*$!
{
	archiveVersion = 1;
	classes = {
	};
	objectVersion = 55;
	objects = {

/* Begin PBXBuildFile section */
		5404DDC0290622D900807841 /* RxCocoa in Frameworks */ = {isa = PBXBuildFile; productRef = 5404DDBF290622D900807841 /* RxCocoa */; };
		5404DDC2290622D900807841 /* RxSwift in Frameworks */ = {isa = PBXBuildFile; productRef = 5404DDC1290622D900807841 /* RxSwift */; };
		5404DDC5290625CD00807841 /* RxCocoaExampleViewController.swift in Sources */ = {isa = PBXBuildFile; fileRef = 5404DDC4290625CD00807841 /* RxCocoaExampleViewController.swift */; };
		5437DE422900CF830073AD6D /* CObservable.swift in Sources */ = {isa = PBXBuildFile; fileRef = 5437DE412900CF830073AD6D /* CObservable.swift */; };
		5437DE442900D1330073AD6D /* NewsViewController.swift in Sources */ = {isa = PBXBuildFile; fileRef = 5437DE432900D1330073AD6D /* NewsViewController.swift */; };
		5437DE462900D2450073AD6D /* NewsViewModel.swift in Sources */ = {isa = PBXBuildFile; fileRef = 5437DE452900D2450073AD6D /* NewsViewModel.swift */; };
		5437DE482900D77C0073AD6D /* News.swift in Sources */ = {isa = PBXBuildFile; fileRef = 5437DE472900D77C0073AD6D /* News.swift */; };
		5437DE4A2900ED6D0073AD6D /* DiffableViewModel.swift in Sources */ = {isa = PBXBuildFile; fileRef = 5437DE492900ED6D0073AD6D /* DiffableViewModel.swift */; };
		5437DE4C2900EDF20073AD6D /* APIService.swift in Sources */ = {isa = PBXBuildFile; fileRef = 5437DE4B2900EDF20073AD6D /* APIService.swift */; };
		5437DE4E2900EE410073AD6D /* APIKey.swift in Sources */ = {isa = PBXBuildFile; fileRef = 5437DE4D2900EE410073AD6D /* APIKey.swift */; };
		5437DE502900EF760073AD6D /* SearchPhoto.swift in Sources */ = {isa = PBXBuildFile; fileRef = 5437DE4F2900EF760073AD6D /* SearchPhoto.swift */; };
		5437DE532900F10D0073AD6D /* Alamofire in Frameworks */ = {isa = PBXBuildFile; productRef = 5437DE522900F10D0073AD6D /* Alamofire */; };
		5437DE562900F12F0073AD6D /* Kingfisher in Frameworks */ = {isa = PBXBuildFile; productRef = 5437DE552900F12F0073AD6D /* Kingfisher */; };
		546C8AF929077A6100A39160 /* SubjectViewController.swift in Sources */ = {isa = PBXBuildFile; fileRef = 546C8AF829077A6100A39160 /* SubjectViewController.swift */; };
		546C8AFB290788A200A39160 /* SubjectViewModel.swift in Sources */ = {isa = PBXBuildFile; fileRef = 546C8AFA290788A200A39160 /* SubjectViewModel.swift */; };
		548334A428FE2DA600AE6941 /* AppDelegate.swift in Sources */ = {isa = PBXBuildFile; fileRef = 548334A328FE2DA600AE6941 /* AppDelegate.swift */; };
		548334A628FE2DA600AE6941 /* SceneDelegate.swift in Sources */ = {isa = PBXBuildFile; fileRef = 548334A528FE2DA600AE6941 /* SceneDelegate.swift */; };
		548334A828FE2DA600AE6941 /* SimpleTableViewController.swift in Sources */ = {isa = PBXBuildFile; fileRef = 548334A728FE2DA600AE6941 /* SimpleTableViewController.swift */; };
		548334AB28FE2DA600AE6941 /* Main.storyboard in Resources */ = {isa = PBXBuildFile; fileRef = 548334A928FE2DA600AE6941 /* Main.storyboard */; };
		548334AD28FE2DA800AE6941 /* Assets.xcassets in Resources */ = {isa = PBXBuildFile; fileRef = 548334AC28FE2DA800AE6941 /* Assets.xcassets */; };
		548334B028FE2DA800AE6941 /* LaunchScreen.storyboard in Resources */ = {isa = PBXBuildFile; fileRef = 548334AE28FE2DA800AE6941 /* LaunchScreen.storyboard */; };
		548334B828FE390B00AE6941 /* SimpleCollectionViewController.swift in Sources */ = {isa = PBXBuildFile; fileRef = 548334B728FE390B00AE6941 /* SimpleCollectionViewController.swift */; };
		548E6C9F28FF90DA0018E85B /* DiffableCollectionViewController.swift in Sources */ = {isa = PBXBuildFile; fileRef = 548E6C9E28FF90DA0018E85B /* DiffableCollectionViewController.swift */; };
/* End PBXBuildFile section */

/* Begin PBXFileReference section */
		5404DDC4290625CD00807841 /* RxCocoaExampleViewController.swift */ = {isa = PBXFileReference; lastKnownFileType = sourcecode.swift; path = RxCocoaExampleViewController.swift; sourceTree = "<group>"; };
		5437DE412900CF830073AD6D /* CObservable.swift */ = {isa = PBXFileReference; lastKnownFileType = sourcecode.swift; path = CObservable.swift; sourceTree = "<group>"; };
		5437DE432900D1330073AD6D /* NewsViewController.swift */ = {isa = PBXFileReference; lastKnownFileType = sourcecode.swift; path = NewsViewController.swift; sourceTree = "<group>"; };
		5437DE452900D2450073AD6D /* NewsViewModel.swift */ = {isa = PBXFileReference; lastKnownFileType = sourcecode.swift; path = NewsViewModel.swift; sourceTree = "<group>"; };
		5437DE472900D77C0073AD6D /* News.swift */ = {isa = PBXFileReference; lastKnownFileType = sourcecode.swift; path = News.swift; sourceTree = "<group>"; };
		5437DE492900ED6D0073AD6D /* DiffableViewModel.swift */ = {isa = PBXFileReference; lastKnownFileType = sourcecode.swift; path = DiffableViewModel.swift; sourceTree = "<group>"; };
		5437DE4B2900EDF20073AD6D /* APIService.swift */ = {isa = PBXFileReference; lastKnownFileType = sourcecode.swift; path = APIService.swift; sourceTree = "<group>"; };
		5437DE4D2900EE410073AD6D /* APIKey.swift */ = {isa = PBXFileReference; lastKnownFileType = sourcecode.swift; path = APIKey.swift; sourceTree = "<group>"; };
		5437DE4F2900EF760073AD6D /* SearchPhoto.swift */ = {isa = PBXFileReference; lastKnownFileType = sourcecode.swift; path = SearchPhoto.swift; sourceTree = "<group>"; };
		546C8AF829077A6100A39160 /* SubjectViewController.swift */ = {isa = PBXFileReference; lastKnownFileType = sourcecode.swift; path = SubjectViewController.swift; sourceTree = "<group>"; };
		546C8AFA290788A200A39160 /* SubjectViewModel.swift */ = {isa = PBXFileReference; lastKnownFileType = sourcecode.swift; path = SubjectViewModel.swift; sourceTree = "<group>"; };
		548334A028FE2DA600AE6941 /* SeSAC_CompositionalLayout.app */ = {isa = PBXFileReference; explicitFileType = wrapper.application; includeInIndex = 0; path = SeSAC_CompositionalLayout.app; sourceTree = BUILT_PRODUCTS_DIR; };
		548334A328FE2DA600AE6941 /* AppDelegate.swift */ = {isa = PBXFileReference; lastKnownFileType = sourcecode.swift; path = AppDelegate.swift; sourceTree = "<group>"; };
		548334A528FE2DA600AE6941 /* SceneDelegate.swift */ = {isa = PBXFileReference; lastKnownFileType = sourcecode.swift; path = SceneDelegate.swift; sourceTree = "<group>"; };
		548334A728FE2DA600AE6941 /* SimpleTableViewController.swift */ = {isa = PBXFileReference; lastKnownFileType = sourcecode.swift; path = SimpleTableViewController.swift; sourceTree = "<group>"; };
		548334AA28FE2DA600AE6941 /* Base */ = {isa = PBXFileReference; lastKnownFileType = file.storyboard; name = Base; path = Base.lproj/Main.storyboard; sourceTree = "<group>"; };
		548334AC28FE2DA800AE6941 /* Assets.xcassets */ = {isa = PBXFileReference; lastKnownFileType = folder.assetcatalog; path = Assets.xcassets; sourceTree = "<group>"; };
		548334AF28FE2DA800AE6941 /* Base */ = {isa = PBXFileReference; lastKnownFileType = file.storyboard; name = Base; path = Base.lproj/LaunchScreen.storyboard; sourceTree = "<group>"; };
		548334B128FE2DA800AE6941 /* Info.plist */ = {isa = PBXFileReference; lastKnownFileType = text.plist.xml; path = Info.plist; sourceTree = "<group>"; };
		548334B728FE390B00AE6941 /* SimpleCollectionViewController.swift */ = {isa = PBXFileReference; lastKnownFileType = sourcecode.swift; path = SimpleCollectionViewController.swift; sourceTree = "<group>"; };
		548E6C9E28FF90DA0018E85B /* DiffableCollectionViewController.swift */ = {isa = PBXFileReference; lastKnownFileType = sourcecode.swift; path = DiffableCollectionViewController.swift; sourceTree = "<group>"; };
/* End PBXFileReference section */

/* Begin PBXFrameworksBuildPhase section */
		5483349D28FE2DA600AE6941 /* Frameworks */ = {
			isa = PBXFrameworksBuildPhase;
			buildActionMask = 2147483647;
			files = (
				5404DDC0290622D900807841 /* RxCocoa in Frameworks */,
				5437DE562900F12F0073AD6D /* Kingfisher in Frameworks */,
				5404DDC2290622D900807841 /* RxSwift in Frameworks */,
				5437DE532900F10D0073AD6D /* Alamofire in Frameworks */,
			);
			runOnlyForDeploymentPostprocessing = 0;
		};
/* End PBXFrameworksBuildPhase section */

/* Begin PBXGroup section */
		5404DDC3290625A400807841 /* Rx */ = {
			isa = PBXGroup;
			children = (
				5404DDC4290625CD00807841 /* RxCocoaExampleViewController.swift */,
				546C8AF829077A6100A39160 /* SubjectViewController.swift */,
				546C8AFA290788A200A39160 /* SubjectViewModel.swift */,
			);
			path = Rx;
			sourceTree = "<group>";
		};
		5437DE402900CD850073AD6D /* MVVMSample */ = {
			isa = PBXGroup;
			children = (
				5437DE412900CF830073AD6D /* CObservable.swift */,
				5437DE432900D1330073AD6D /* NewsViewController.swift */,
				5437DE452900D2450073AD6D /* NewsViewModel.swift */,
				5437DE472900D77C0073AD6D /* News.swift */,
			);
			path = MVVMSample;
			sourceTree = "<group>";
		};
		5483349728FE2DA600AE6941 = {
			isa = PBXGroup;
			children = (
				548334A228FE2DA600AE6941 /* SeSAC_CompositionalLayout */,
				548334A128FE2DA600AE6941 /* Products */,
			);
			sourceTree = "<group>";
		};
		548334A128FE2DA600AE6941 /* Products */ = {
			isa = PBXGroup;
			children = (
				548334A028FE2DA600AE6941 /* SeSAC_CompositionalLayout.app */,
			);
			name = Products;
			sourceTree = "<group>";
		};
		548334A228FE2DA600AE6941 /* SeSAC_CompositionalLayout */ = {
			isa = PBXGroup;
			children = (
				5404DDC3290625A400807841 /* Rx */,
				5437DE402900CD850073AD6D /* MVVMSample */,
				548334A328FE2DA600AE6941 /* AppDelegate.swift */,
				548334A528FE2DA600AE6941 /* SceneDelegate.swift */,
				548334A728FE2DA600AE6941 /* SimpleTableViewController.swift */,
				548334A928FE2DA600AE6941 /* Main.storyboard */,
				548E6C9E28FF90DA0018E85B /* DiffableCollectionViewController.swift */,
				5437DE492900ED6D0073AD6D /* DiffableViewModel.swift */,
				5437DE4B2900EDF20073AD6D /* APIService.swift */,
				5437DE4D2900EE410073AD6D /* APIKey.swift */,
				548334B728FE390B00AE6941 /* SimpleCollectionViewController.swift */,
				5437DE4F2900EF760073AD6D /* SearchPhoto.swift */,
				548334AC28FE2DA800AE6941 /* Assets.xcassets */,
				548334AE28FE2DA800AE6941 /* LaunchScreen.storyboard */,
				548334B128FE2DA800AE6941 /* Info.plist */,
			);
			path = SeSAC_CompositionalLayout;
			sourceTree = "<group>";
		};
/* End PBXGroup section */

/* Begin PBXNativeTarget section */
		5483349F28FE2DA600AE6941 /* SeSAC_CompositionalLayout */ = {
			isa = PBXNativeTarget;
			buildConfigurationList = 548334B428FE2DA800AE6941 /* Build configuration list for PBXNativeTarget "SeSAC_CompositionalLayout" */;
			buildPhases = (
				5483349C28FE2DA600AE6941 /* Sources */,
				5483349D28FE2DA600AE6941 /* Frameworks */,
				5483349E28FE2DA600AE6941 /* Resources */,
			);
			buildRules = (
			);
			dependencies = (
			);
			name = SeSAC_CompositionalLayout;
			packageProductDependencies = (
				5437DE522900F10D0073AD6D /* Alamofire */,
				5437DE552900F12F0073AD6D /* Kingfisher */,
				5404DDBF290622D900807841 /* RxCocoa */,
				5404DDC1290622D900807841 /* RxSwift */,
			);
			productName = SeSAC_CompositionalLayout;
			productReference = 548334A028FE2DA600AE6941 /* SeSAC_CompositionalLayout.app */;
			productType = "com.apple.product-type.application";
		};
/* End PBXNativeTarget section */

/* Begin PBXProject section */
		5483349828FE2DA600AE6941 /* Project object */ = {
			isa = PBXProject;
			attributes = {
				BuildIndependentTargetsInParallel = 1;
				LastSwiftUpdateCheck = 1340;
				LastUpgradeCheck = 1340;
				TargetAttributes = {
					5483349F28FE2DA600AE6941 = {
						CreatedOnToolsVersion = 13.4.1;
					};
				};
			};
			buildConfigurationList = 5483349B28FE2DA600AE6941 /* Build configuration list for PBXProject "SeSAC_CompositionalLayout" */;
			compatibilityVersion = "Xcode 13.0";
			developmentRegion = en;
			hasScannedForEncodings = 0;
			knownRegions = (
				en,
				Base,
			);
			mainGroup = 5483349728FE2DA600AE6941;
			packageReferences = (
				5437DE512900F10D0073AD6D /* XCRemoteSwiftPackageReference "Alamofire" */,
				5437DE542900F12F0073AD6D /* XCRemoteSwiftPackageReference "Kingfisher" */,
				5404DDBE290622D900807841 /* XCRemoteSwiftPackageReference "RxSwift" */,
			);
			productRefGroup = 548334A128FE2DA600AE6941 /* Products */;
			projectDirPath = "";
			projectRoot = "";
			targets = (
				5483349F28FE2DA600AE6941 /* SeSAC_CompositionalLayout */,
			);
		};
/* End PBXProject section */

/* Begin PBXResourcesBuildPhase section */
		5483349E28FE2DA600AE6941 /* Resources */ = {
			isa = PBXResourcesBuildPhase;
			buildActionMask = 2147483647;
			files = (
				548334B028FE2DA800AE6941 /* LaunchScreen.storyboard in Resources */,
				548334AD28FE2DA800AE6941 /* Assets.xcassets in Resources */,
				548334AB28FE2DA600AE6941 /* Main.storyboard in Resources */,
			);
			runOnlyForDeploymentPostprocessing = 0;
		};
/* End PBXResourcesBuildPhase section */

/* Begin PBXSourcesBuildPhase section */
		5483349C28FE2DA600AE6941 /* Sources */ = {
			isa = PBXSourcesBuildPhase;
			buildActionMask = 2147483647;
			files = (
				5437DE422900CF830073AD6D /* CObservable.swift in Sources */,
				548E6C9F28FF90DA0018E85B /* DiffableCollectionViewController.swift in Sources */,
				548334A828FE2DA600AE6941 /* SimpleTableViewController.swift in Sources */,
				5437DE482900D77C0073AD6D /* News.swift in Sources */,
				5437DE4C2900EDF20073AD6D /* APIService.swift in Sources */,
				548334A428FE2DA600AE6941 /* AppDelegate.swift in Sources */,
				5437DE442900D1330073AD6D /* NewsViewController.swift in Sources */,
				546C8AF929077A6100A39160 /* SubjectViewController.swift in Sources */,
				548334B828FE390B00AE6941 /* SimpleCollectionViewController.swift in Sources */,
				5437DE502900EF760073AD6D /* SearchPhoto.swift in Sources */,
				548334A628FE2DA600AE6941 /* SceneDelegate.swift in Sources */,
				5437DE462900D2450073AD6D /* NewsViewModel.swift in Sources */,
				5437DE4E2900EE410073AD6D /* APIKey.swift in Sources */,
				546C8AFB290788A200A39160 /* SubjectViewModel.swift in Sources */,
				5437DE4A2900ED6D0073AD6D /* DiffableViewModel.swift in Sources */,
				5404DDC5290625CD00807841 /* RxCocoaExampleViewController.swift in Sources */,
			);
			runOnlyForDeploymentPostprocessing = 0;
		};
/* End PBXSourcesBuildPhase section */

/* Begin PBXVariantGroup section */
		548334A928FE2DA600AE6941 /* Main.storyboard */ = {
			isa = PBXVariantGroup;
			children = (
				548334AA28FE2DA600AE6941 /* Base */,
			);
			name = Main.storyboard;
			sourceTree = "<group>";
		};
		548334AE28FE2DA800AE6941 /* LaunchScreen.storyboard */ = {
			isa = PBXVariantGroup;
			children = (
				548334AF28FE2DA800AE6941 /* Base */,
			);
			name = LaunchScreen.storyboard;
			sourceTree = "<group>";
		};
/* End PBXVariantGroup section */

/* Begin XCBuildConfiguration section */
		548334B228FE2DA800AE6941 /* Debug */ = {
			isa = XCBuildConfiguration;
			buildSettings = {
				ALWAYS_SEARCH_USER_PATHS = NO;
				CLANG_ANALYZER_NONNULL = YES;
				CLANG_ANALYZER_NUMBER_OBJECT_CONVERSION = YES_AGGRESSIVE;
				CLANG_CXX_LANGUAGE_STANDARD = "gnu++17";
				CLANG_ENABLE_MODULES = YES;
				CLANG_ENABLE_OBJC_ARC = YES;
				CLANG_ENABLE_OBJC_WEAK = YES;
				CLANG_WARN_BLOCK_CAPTURE_AUTORELEASING = YES;
				CLANG_WARN_BOOL_CONVERSION = YES;
				CLANG_WARN_COMMA = YES;
				CLANG_WARN_CONSTANT_CONVERSION = YES;
				CLANG_WARN_DEPRECATED_OBJC_IMPLEMENTATIONS = YES;
				CLANG_WARN_DIRECT_OBJC_ISA_USAGE = YES_ERROR;
				CLANG_WARN_DOCUMENTATION_COMMENTS = YES;
				CLANG_WARN_EMPTY_BODY = YES;
				CLANG_WARN_ENUM_CONVERSION = YES;
				CLANG_WARN_INFINITE_RECURSION = YES;
				CLANG_WARN_INT_CONVERSION = YES;
				CLANG_WARN_NON_LITERAL_NULL_CONVERSION = YES;
				CLANG_WARN_OBJC_IMPLICIT_RETAIN_SELF = YES;
				CLANG_WARN_OBJC_LITERAL_CONVERSION = YES;
				CLANG_WARN_OBJC_ROOT_CLASS = YES_ERROR;
				CLANG_WARN_QUOTED_INCLUDE_IN_FRAMEWORK_HEADER = YES;
				CLANG_WARN_RANGE_LOOP_ANALYSIS = YES;
				CLANG_WARN_STRICT_PROTOTYPES = YES;
				CLANG_WARN_SUSPICIOUS_MOVE = YES;
				CLANG_WARN_UNGUARDED_AVAILABILITY = YES_AGGRESSIVE;
				CLANG_WARN_UNREACHABLE_CODE = YES;
				CLANG_WARN__DUPLICATE_METHOD_MATCH = YES;
				COPY_PHASE_STRIP = NO;
				DEBUG_INFORMATION_FORMAT = dwarf;
				ENABLE_STRICT_OBJC_MSGSEND = YES;
				ENABLE_TESTABILITY = YES;
				GCC_C_LANGUAGE_STANDARD = gnu11;
				GCC_DYNAMIC_NO_PIC = NO;
				GCC_NO_COMMON_BLOCKS = YES;
				GCC_OPTIMIZATION_LEVEL = 0;
				GCC_PREPROCESSOR_DEFINITIONS = (
					"DEBUG=1",
					"$(inherited)",
				);
				GCC_WARN_64_TO_32_BIT_CONVERSION = YES;
				GCC_WARN_ABOUT_RETURN_TYPE = YES_ERROR;
				GCC_WARN_UNDECLARED_SELECTOR = YES;
				GCC_WARN_UNINITIALIZED_AUTOS = YES_AGGRESSIVE;
				GCC_WARN_UNUSED_FUNCTION = YES;
				GCC_WARN_UNUSED_VARIABLE = YES;
				IPHONEOS_DEPLOYMENT_TARGET = 15.5;
				MTL_ENABLE_DEBUG_INFO = INCLUDE_SOURCE;
				MTL_FAST_MATH = YES;
				ONLY_ACTIVE_ARCH = YES;
				SDKROOT = iphoneos;
				SWIFT_ACTIVE_COMPILATION_CONDITIONS = DEBUG;
				SWIFT_OPTIMIZATION_LEVEL = "-Onone";
			};
			name = Debug;
		};
		548334B328FE2DA800AE6941 /* Release */ = {
			isa = XCBuildConfiguration;
			buildSettings = {
				ALWAYS_SEARCH_USER_PATHS = NO;
				CLANG_ANALYZER_NONNULL = YES;
				CLANG_ANALYZER_NUMBER_OBJECT_CONVERSION = YES_AGGRESSIVE;
				CLANG_CXX_LANGUAGE_STANDARD = "gnu++17";
				CLANG_ENABLE_MODULES = YES;
				CLANG_ENABLE_OBJC_ARC = YES;
				CLANG_ENABLE_OBJC_WEAK = YES;
				CLANG_WARN_BLOCK_CAPTURE_AUTORELEASING = YES;
				CLANG_WARN_BOOL_CONVERSION = YES;
				CLANG_WARN_COMMA = YES;
				CLANG_WARN_CONSTANT_CONVERSION = YES;
				CLANG_WARN_DEPRECATED_OBJC_IMPLEMENTATIONS = YES;
				CLANG_WARN_DIRECT_OBJC_ISA_USAGE = YES_ERROR;
				CLANG_WARN_DOCUMENTATION_COMMENTS = YES;
				CLANG_WARN_EMPTY_BODY = YES;
				CLANG_WARN_ENUM_CONVERSION = YES;
				CLANG_WARN_INFINITE_RECURSION = YES;
				CLANG_WARN_INT_CONVERSION = YES;
				CLANG_WARN_NON_LITERAL_NULL_CONVERSION = YES;
				CLANG_WARN_OBJC_IMPLICIT_RETAIN_SELF = YES;
				CLANG_WARN_OBJC_LITERAL_CONVERSION = YES;
				CLANG_WARN_OBJC_ROOT_CLASS = YES_ERROR;
				CLANG_WARN_QUOTED_INCLUDE_IN_FRAMEWORK_HEADER = YES;
				CLANG_WARN_RANGE_LOOP_ANALYSIS = YES;
				CLANG_WARN_STRICT_PROTOTYPES = YES;
				CLANG_WARN_SUSPICIOUS_MOVE = YES;
				CLANG_WARN_UNGUARDED_AVAILABILITY = YES_AGGRESSIVE;
				CLANG_WARN_UNREACHABLE_CODE = YES;
				CLANG_WARN__DUPLICATE_METHOD_MATCH = YES;
				COPY_PHASE_STRIP = NO;
				DEBUG_INFORMATION_FORMAT = "dwarf-with-dsym";
				ENABLE_NS_ASSERTIONS = NO;
				ENABLE_STRICT_OBJC_MSGSEND = YES;
				GCC_C_LANGUAGE_STANDARD = gnu11;
				GCC_NO_COMMON_BLOCKS = YES;
				GCC_WARN_64_TO_32_BIT_CONVERSION = YES;
				GCC_WARN_ABOUT_RETURN_TYPE = YES_ERROR;
				GCC_WARN_UNDECLARED_SELECTOR = YES;
				GCC_WARN_UNINITIALIZED_AUTOS = YES_AGGRESSIVE;
				GCC_WARN_UNUSED_FUNCTION = YES;
				GCC_WARN_UNUSED_VARIABLE = YES;
				IPHONEOS_DEPLOYMENT_TARGET = 15.5;
				MTL_ENABLE_DEBUG_INFO = NO;
				MTL_FAST_MATH = YES;
				SDKROOT = iphoneos;
				SWIFT_COMPILATION_MODE = wholemodule;
				SWIFT_OPTIMIZATION_LEVEL = "-O";
				VALIDATE_PRODUCT = YES;
			};
			name = Release;
		};
		548334B528FE2DA800AE6941 /* Debug */ = {
			isa = XCBuildConfiguration;
			buildSettings = {
				ASSETCATALOG_COMPILER_APPICON_NAME = AppIcon;
				ASSETCATALOG_COMPILER_GLOBAL_ACCENT_COLOR_NAME = AccentColor;
				CODE_SIGN_STYLE = Automatic;
				CURRENT_PROJECT_VERSION = 1;
				GENERATE_INFOPLIST_FILE = YES;
				INFOPLIST_FILE = SeSAC_CompositionalLayout/Info.plist;
				INFOPLIST_KEY_UIApplicationSupportsIndirectInputEvents = YES;
				INFOPLIST_KEY_UILaunchStoryboardName = LaunchScreen;
				INFOPLIST_KEY_UIMainStoryboardFile = Main;
				INFOPLIST_KEY_UISupportedInterfaceOrientations_iPad = "UIInterfaceOrientationPortrait UIInterfaceOrientationPortraitUpsideDown UIInterfaceOrientationLandscapeLeft UIInterfaceOrientationLandscapeRight";
				INFOPLIST_KEY_UISupportedInterfaceOrientations_iPhone = "UIInterfaceOrientationPortrait UIInterfaceOrientationLandscapeLeft UIInterfaceOrientationLandscapeRight";
				IPHONEOS_DEPLOYMENT_TARGET = 15.0;
				LD_RUNPATH_SEARCH_PATHS = (
					"$(inherited)",
					"@executable_path/Frameworks",
				);
				MARKETING_VERSION = 1.0;
				PRODUCT_BUNDLE_IDENTIFIER = "michelle.SeSAC-CompositionalLayout";
				PRODUCT_NAME = "$(TARGET_NAME)";
				SWIFT_EMIT_LOC_STRINGS = YES;
				SWIFT_VERSION = 5.0;
				TARGETED_DEVICE_FAMILY = 1;
			};
			name = Debug;
		};
		548334B628FE2DA800AE6941 /* Release */ = {
			isa = XCBuildConfiguration;
			buildSettings = {
				ASSETCATALOG_COMPILER_APPICON_NAME = AppIcon;
				ASSETCATALOG_COMPILER_GLOBAL_ACCENT_COLOR_NAME = AccentColor;
				CODE_SIGN_STYLE = Automatic;
				CURRENT_PROJECT_VERSION = 1;
				GENERATE_INFOPLIST_FILE = YES;
				INFOPLIST_FILE = SeSAC_CompositionalLayout/Info.plist;
				INFOPLIST_KEY_UIApplicationSupportsIndirectInputEvents = YES;
				INFOPLIST_KEY_UILaunchStoryboardName = LaunchScreen;
				INFOPLIST_KEY_UIMainStoryboardFile = Main;
				INFOPLIST_KEY_UISupportedInterfaceOrientations_iPad = "UIInterfaceOrientationPortrait UIInterfaceOrientationPortraitUpsideDown UIInterfaceOrientationLandscapeLeft UIInterfaceOrientationLandscapeRight";
				INFOPLIST_KEY_UISupportedInterfaceOrientations_iPhone = "UIInterfaceOrientationPortrait UIInterfaceOrientationLandscapeLeft UIInterfaceOrientationLandscapeRight";
				IPHONEOS_DEPLOYMENT_TARGET = 15.0;
				LD_RUNPATH_SEARCH_PATHS = (
					"$(inherited)",
					"@executable_path/Frameworks",
				);
				MARKETING_VERSION = 1.0;
				PRODUCT_BUNDLE_IDENTIFIER = "michelle.SeSAC-CompositionalLayout";
				PRODUCT_NAME = "$(TARGET_NAME)";
				SWIFT_EMIT_LOC_STRINGS = YES;
				SWIFT_VERSION = 5.0;
				TARGETED_DEVICE_FAMILY = 1;
			};
			name = Release;
		};
/* End XCBuildConfiguration section */

/* Begin XCConfigurationList section */
		5483349B28FE2DA600AE6941 /* Build configuration list for PBXProject "SeSAC_CompositionalLayout" */ = {
			isa = XCConfigurationList;
			buildConfigurations = (
				548334B228FE2DA800AE6941 /* Debug */,
				548334B328FE2DA800AE6941 /* Release */,
			);
			defaultConfigurationIsVisible = 0;
			defaultConfigurationName = Release;
		};
		548334B428FE2DA800AE6941 /* Build configuration list for PBXNativeTarget "SeSAC_CompositionalLayout" */ = {
			isa = XCConfigurationList;
			buildConfigurations = (
				548334B528FE2DA800AE6941 /* Debug */,
				548334B628FE2DA800AE6941 /* Release */,
			);
			defaultConfigurationIsVisible = 0;
			defaultConfigurationName = Release;
		};
/* End XCConfigurationList section */

/* Begin XCRemoteSwiftPackageReference section */
		5404DDBE290622D900807841 /* XCRemoteSwiftPackageReference "RxSwift" */ = {
			isa = XCRemoteSwiftPackageReference;
			repositoryURL = "https://github.com/ReactiveX/RxSwift.git";
			requirement = {
				kind = upToNextMajorVersion;
				minimumVersion = 6.0.0;
			};
		};
		5437DE512900F10D0073AD6D /* XCRemoteSwiftPackageReference "Alamofire" */ = {
			isa = XCRemoteSwiftPackageReference;
			repositoryURL = "https://github.com/Alamofire/Alamofire.git";
			requirement = {
				kind = upToNextMajorVersion;
				minimumVersion = 5.0.0;
			};
		};
		5437DE542900F12F0073AD6D /* XCRemoteSwiftPackageReference "Kingfisher" */ = {
			isa = XCRemoteSwiftPackageReference;
			repositoryURL = "https://github.com/onevcat/Kingfisher.git";
			requirement = {
				kind = upToNextMajorVersion;
				minimumVersion = 7.0.0;
			};
		};
/* End XCRemoteSwiftPackageReference section */

/* Begin XCSwiftPackageProductDependency section */
		5404DDBF290622D900807841 /* RxCocoa */ = {
			isa = XCSwiftPackageProductDependency;
			package = 5404DDBE290622D900807841 /* XCRemoteSwiftPackageReference "RxSwift" */;
			productName = RxCocoa;
		};
		5404DDC1290622D900807841 /* RxSwift */ = {
			isa = XCSwiftPackageProductDependency;
			package = 5404DDBE290622D900807841 /* XCRemoteSwiftPackageReference "RxSwift" */;
			productName = RxSwift;
		};
		5437DE522900F10D0073AD6D /* Alamofire */ = {
			isa = XCSwiftPackageProductDependency;
			package = 5437DE512900F10D0073AD6D /* XCRemoteSwiftPackageReference "Alamofire" */;
			productName = Alamofire;
		};
		5437DE552900F12F0073AD6D /* Kingfisher */ = {
			isa = XCSwiftPackageProductDependency;
			package = 5437DE542900F12F0073AD6D /* XCRemoteSwiftPackageReference "Kingfisher" */;
			productName = Kingfisher;
		};
/* End XCSwiftPackageProductDependency section */
	};
	rootObject = 5483349828FE2DA600AE6941 /* Project object */;
}
