// !$*UTF8*$!
{
	archiveVersion = 1;
	classes = {
	};
	objectVersion = 55;
	objects = {

/* Begin PBXBuildFile section */
		5437DFA728B5103400C3F3DA /* DetailViewController.swift in Sources */ = {isa = PBXBuildFile; fileRef = 5437DFA628B5103400C3F3DA /* DetailViewController.swift */; };
		5437DFA928B5104F00C3F3DA /* DetailView.swift in Sources */ = {isa = PBXBuildFile; fileRef = 5437DFA828B5104F00C3F3DA /* DetailView.swift */; };
		5445F00F28B76C0A006A23F9 /* Zip in Frameworks */ = {isa = PBXBuildFile; productRef = 5445F00E28B76C0A006A23F9 /* Zip */; };
		5445F01228B76D89006A23F9 /* BackupViewController.swift in Sources */ = {isa = PBXBuildFile; fileRef = 5445F01128B76D89006A23F9 /* BackupViewController.swift */; };
		5445F01428B76D90006A23F9 /* BackupView.swift in Sources */ = {isa = PBXBuildFile; fileRef = 5445F01328B76D90006A23F9 /* BackupView.swift */; };
		5461CD9528B62CBD0032F75B /* BaseCollectionViewCell.swift in Sources */ = {isa = PBXBuildFile; fileRef = 5461CD9428B62CBD0032F75B /* BaseCollectionViewCell.swift */; };
		5461CD9A28B654E00032F75B /* ImageDummyData.swift in Sources */ = {isa = PBXBuildFile; fileRef = 5461CD9928B654E00032F75B /* ImageDummyData.swift */; };
		5461CD9C28B655B40032F75B /* ImageSearchCollectionViewCell.swift in Sources */ = {isa = PBXBuildFile; fileRef = 5461CD9B28B655B40032F75B /* ImageSearchCollectionViewCell.swift */; };
		5461CD9F28B65AE30032F75B /* Kingfisher in Frameworks */ = {isa = PBXBuildFile; productRef = 5461CD9E28B65AE30032F75B /* Kingfisher */; };
		5461CDA228B65EFE0032F75B /* FileManager + Extension.swift in Sources */ = {isa = PBXBuildFile; fileRef = 5461CDA128B65EFE0032F75B /* FileManager + Extension.swift */; };
		546EFC2E28BA36BD001804CF /* SearchView.swift in Sources */ = {isa = PBXBuildFile; fileRef = 546EFC2D28BA36BD001804CF /* SearchView.swift */; };
		54C2627028B3B630006A9AF7 /* RealmModel.swift in Sources */ = {isa = PBXBuildFile; fileRef = 54C2626F28B3B630006A9AF7 /* RealmModel.swift */; };
		54C2627228B3C8E4006A9AF7 /* CustomTableViewCell.swift in Sources */ = {isa = PBXBuildFile; fileRef = 54C2627128B3C8E4006A9AF7 /* CustomTableViewCell.swift */; };
		54C33FA328B9EDF600C4510D /* TabbarViewController.swift in Sources */ = {isa = PBXBuildFile; fileRef = 54C33FA228B9EDF600C4510D /* TabbarViewController.swift */; };
		54C33FA528B9EE1F00C4510D /* SearchViewController.swift in Sources */ = {isa = PBXBuildFile; fileRef = 54C33FA428B9EE1F00C4510D /* SearchViewController.swift */; };
		54C33FA728B9EF0800C4510D /* UserShoplistRepository.swift in Sources */ = {isa = PBXBuildFile; fileRef = 54C33FA628B9EF0800C4510D /* UserShoplistRepository.swift */; };
		54D17DC428B361D4007AC6BC /* AppDelegate.swift in Sources */ = {isa = PBXBuildFile; fileRef = 54D17DC328B361D4007AC6BC /* AppDelegate.swift */; };
		54D17DC628B361D4007AC6BC /* SceneDelegate.swift in Sources */ = {isa = PBXBuildFile; fileRef = 54D17DC528B361D4007AC6BC /* SceneDelegate.swift */; };
		54D17DC828B361D4007AC6BC /* ViewController.swift in Sources */ = {isa = PBXBuildFile; fileRef = 54D17DC728B361D4007AC6BC /* ViewController.swift */; };
		54D17DCB28B361D4007AC6BC /* Main.storyboard in Resources */ = {isa = PBXBuildFile; fileRef = 54D17DC928B361D4007AC6BC /* Main.storyboard */; };
		54D17DCD28B361D5007AC6BC /* Assets.xcassets in Resources */ = {isa = PBXBuildFile; fileRef = 54D17DCC28B361D5007AC6BC /* Assets.xcassets */; };
		54D17DD028B361D5007AC6BC /* LaunchScreen.storyboard in Resources */ = {isa = PBXBuildFile; fileRef = 54D17DCE28B361D5007AC6BC /* LaunchScreen.storyboard */; };
		54D17DD928B36454007AC6BC /* SnapKit in Frameworks */ = {isa = PBXBuildFile; productRef = 54D17DD828B36454007AC6BC /* SnapKit */; };
		54D17DDC28B3647A007AC6BC /* Realm in Frameworks */ = {isa = PBXBuildFile; productRef = 54D17DDB28B3647A007AC6BC /* Realm */; };
		54D17DDE28B3647A007AC6BC /* RealmSwift in Frameworks */ = {isa = PBXBuildFile; productRef = 54D17DDD28B3647A007AC6BC /* RealmSwift */; };
		54D17DE228B36521007AC6BC /* BaseView.swift in Sources */ = {isa = PBXBuildFile; fileRef = 54D17DE128B36521007AC6BC /* BaseView.swift */; };
		54D17DE428B36528007AC6BC /* BaseViewController.swift in Sources */ = {isa = PBXBuildFile; fileRef = 54D17DE328B36528007AC6BC /* BaseViewController.swift */; };
		54D17DE628B36562007AC6BC /* ShoppingViewController.swift in Sources */ = {isa = PBXBuildFile; fileRef = 54D17DE528B36562007AC6BC /* ShoppingViewController.swift */; };
		54D17DE828B3656D007AC6BC /* ShoppingView.swift in Sources */ = {isa = PBXBuildFile; fileRef = 54D17DE728B3656D007AC6BC /* ShoppingView.swift */; };
/* End PBXBuildFile section */

/* Begin PBXFileReference section */
		5437DFA628B5103400C3F3DA /* DetailViewController.swift */ = {isa = PBXFileReference; lastKnownFileType = sourcecode.swift; path = DetailViewController.swift; sourceTree = "<group>"; };
		5437DFA828B5104F00C3F3DA /* DetailView.swift */ = {isa = PBXFileReference; lastKnownFileType = sourcecode.swift; path = DetailView.swift; sourceTree = "<group>"; };
		5445F01128B76D89006A23F9 /* BackupViewController.swift */ = {isa = PBXFileReference; lastKnownFileType = sourcecode.swift; path = BackupViewController.swift; sourceTree = "<group>"; };
		5445F01328B76D90006A23F9 /* BackupView.swift */ = {isa = PBXFileReference; lastKnownFileType = sourcecode.swift; path = BackupView.swift; sourceTree = "<group>"; };
		5461CD9428B62CBD0032F75B /* BaseCollectionViewCell.swift */ = {isa = PBXFileReference; lastKnownFileType = sourcecode.swift; path = BaseCollectionViewCell.swift; sourceTree = "<group>"; };
		5461CD9928B654E00032F75B /* ImageDummyData.swift */ = {isa = PBXFileReference; lastKnownFileType = sourcecode.swift; path = ImageDummyData.swift; sourceTree = "<group>"; };
		5461CD9B28B655B40032F75B /* ImageSearchCollectionViewCell.swift */ = {isa = PBXFileReference; lastKnownFileType = sourcecode.swift; path = ImageSearchCollectionViewCell.swift; sourceTree = "<group>"; };
		5461CDA128B65EFE0032F75B /* FileManager + Extension.swift */ = {isa = PBXFileReference; lastKnownFileType = sourcecode.swift; path = "FileManager + Extension.swift"; sourceTree = "<group>"; };
		546EFC2D28BA36BD001804CF /* SearchView.swift */ = {isa = PBXFileReference; lastKnownFileType = sourcecode.swift; path = SearchView.swift; sourceTree = "<group>"; };
		54C2626F28B3B630006A9AF7 /* RealmModel.swift */ = {isa = PBXFileReference; lastKnownFileType = sourcecode.swift; path = RealmModel.swift; sourceTree = "<group>"; };
		54C2627128B3C8E4006A9AF7 /* CustomTableViewCell.swift */ = {isa = PBXFileReference; lastKnownFileType = sourcecode.swift; path = CustomTableViewCell.swift; sourceTree = "<group>"; };
		54C33FA228B9EDF600C4510D /* TabbarViewController.swift */ = {isa = PBXFileReference; lastKnownFileType = sourcecode.swift; path = TabbarViewController.swift; sourceTree = "<group>"; };
		54C33FA428B9EE1F00C4510D /* SearchViewController.swift */ = {isa = PBXFileReference; lastKnownFileType = sourcecode.swift; path = SearchViewController.swift; sourceTree = "<group>"; };
		54C33FA628B9EF0800C4510D /* UserShoplistRepository.swift */ = {isa = PBXFileReference; lastKnownFileType = sourcecode.swift; path = UserShoplistRepository.swift; sourceTree = "<group>"; };
		54D17DC028B361D4007AC6BC /* ShoppingList.app */ = {isa = PBXFileReference; explicitFileType = wrapper.application; includeInIndex = 0; path = ShoppingList.app; sourceTree = BUILT_PRODUCTS_DIR; };
		54D17DC328B361D4007AC6BC /* AppDelegate.swift */ = {isa = PBXFileReference; lastKnownFileType = sourcecode.swift; path = AppDelegate.swift; sourceTree = "<group>"; };
		54D17DC528B361D4007AC6BC /* SceneDelegate.swift */ = {isa = PBXFileReference; lastKnownFileType = sourcecode.swift; path = SceneDelegate.swift; sourceTree = "<group>"; };
		54D17DC728B361D4007AC6BC /* ViewController.swift */ = {isa = PBXFileReference; lastKnownFileType = sourcecode.swift; path = ViewController.swift; sourceTree = "<group>"; };
		54D17DCA28B361D4007AC6BC /* Base */ = {isa = PBXFileReference; lastKnownFileType = file.storyboard; name = Base; path = Base.lproj/Main.storyboard; sourceTree = "<group>"; };
		54D17DCC28B361D5007AC6BC /* Assets.xcassets */ = {isa = PBXFileReference; lastKnownFileType = folder.assetcatalog; path = Assets.xcassets; sourceTree = "<group>"; };
		54D17DCF28B361D5007AC6BC /* Base */ = {isa = PBXFileReference; lastKnownFileType = file.storyboard; name = Base; path = Base.lproj/LaunchScreen.storyboard; sourceTree = "<group>"; };
		54D17DD128B361D5007AC6BC /* Info.plist */ = {isa = PBXFileReference; lastKnownFileType = text.plist.xml; path = Info.plist; sourceTree = "<group>"; };
		54D17DE128B36521007AC6BC /* BaseView.swift */ = {isa = PBXFileReference; lastKnownFileType = sourcecode.swift; path = BaseView.swift; sourceTree = "<group>"; };
		54D17DE328B36528007AC6BC /* BaseViewController.swift */ = {isa = PBXFileReference; lastKnownFileType = sourcecode.swift; path = BaseViewController.swift; sourceTree = "<group>"; };
		54D17DE528B36562007AC6BC /* ShoppingViewController.swift */ = {isa = PBXFileReference; lastKnownFileType = sourcecode.swift; path = ShoppingViewController.swift; sourceTree = "<group>"; };
		54D17DE728B3656D007AC6BC /* ShoppingView.swift */ = {isa = PBXFileReference; lastKnownFileType = sourcecode.swift; path = ShoppingView.swift; sourceTree = "<group>"; };
/* End PBXFileReference section */

/* Begin PBXFrameworksBuildPhase section */
		54D17DBD28B361D4007AC6BC /* Frameworks */ = {
			isa = PBXFrameworksBuildPhase;
			buildActionMask = 2147483647;
			files = (
				5461CD9F28B65AE30032F75B /* Kingfisher in Frameworks */,
				54D17DDE28B3647A007AC6BC /* RealmSwift in Frameworks */,
				54D17DDC28B3647A007AC6BC /* Realm in Frameworks */,
				54D17DD928B36454007AC6BC /* SnapKit in Frameworks */,
				5445F00F28B76C0A006A23F9 /* Zip in Frameworks */,
			);
			runOnlyForDeploymentPostprocessing = 0;
		};
/* End PBXFrameworksBuildPhase section */

/* Begin PBXGroup section */
		5445F01028B76D74006A23F9 /* BackupAndRestore */ = {
			isa = PBXGroup;
			children = (
				5445F01128B76D89006A23F9 /* BackupViewController.swift */,
				5445F01328B76D90006A23F9 /* BackupView.swift */,
			);
			path = BackupAndRestore;
			sourceTree = "<group>";
		};
		5461CD9228B62C700032F75B /* Detail */ = {
			isa = PBXGroup;
			children = (
				5437DFA828B5104F00C3F3DA /* DetailView.swift */,
				5437DFA628B5103400C3F3DA /* DetailViewController.swift */,
				5461CD9928B654E00032F75B /* ImageDummyData.swift */,
				5461CD9B28B655B40032F75B /* ImageSearchCollectionViewCell.swift */,
			);
			path = Detail;
			sourceTree = "<group>";
		};
		5461CD9328B62C850032F75B /* Shopping */ = {
			isa = PBXGroup;
			children = (
				54D17DE728B3656D007AC6BC /* ShoppingView.swift */,
				54D17DE528B36562007AC6BC /* ShoppingViewController.swift */,
			);
			path = Shopping;
			sourceTree = "<group>";
		};
		5461CDA028B65EEE0032F75B /* Extension */ = {
			isa = PBXGroup;
			children = (
				5461CDA128B65EFE0032F75B /* FileManager + Extension.swift */,
			);
			path = Extension;
			sourceTree = "<group>";
		};
		546EFC2F28BA474F001804CF /* Search */ = {
			isa = PBXGroup;
			children = (
				54C33FA428B9EE1F00C4510D /* SearchViewController.swift */,
				546EFC2D28BA36BD001804CF /* SearchView.swift */,
			);
			path = Search;
			sourceTree = "<group>";
		};
		54C2626E28B3B627006A9AF7 /* Realm */ = {
			isa = PBXGroup;
			children = (
				54C2626F28B3B630006A9AF7 /* RealmModel.swift */,
				54C33FA628B9EF0800C4510D /* UserShoplistRepository.swift */,
			);
			path = Realm;
			sourceTree = "<group>";
		};
		54D17DB728B361D4007AC6BC = {
			isa = PBXGroup;
			children = (
				54D17DC228B361D4007AC6BC /* ShoppingList */,
				54D17DC128B361D4007AC6BC /* Products */,
			);
			sourceTree = "<group>";
		};
		54D17DC128B361D4007AC6BC /* Products */ = {
			isa = PBXGroup;
			children = (
				54D17DC028B361D4007AC6BC /* ShoppingList.app */,
			);
			name = Products;
			sourceTree = "<group>";
		};
		54D17DC228B361D4007AC6BC /* ShoppingList */ = {
			isa = PBXGroup;
			children = (
				54C33FA228B9EDF600C4510D /* TabbarViewController.swift */,
				546EFC2F28BA474F001804CF /* Search */,
				5445F01028B76D74006A23F9 /* BackupAndRestore */,
				5461CDA028B65EEE0032F75B /* Extension */,
				5461CD9328B62C850032F75B /* Shopping */,
				5461CD9228B62C700032F75B /* Detail */,
				54C2626E28B3B627006A9AF7 /* Realm */,
				54D17DE028B36515007AC6BC /* CustomView */,
				54D17DDF28B3650A007AC6BC /* Utility */,
				54D17DC328B361D4007AC6BC /* AppDelegate.swift */,
				54D17DC528B361D4007AC6BC /* SceneDelegate.swift */,
				54D17DC728B361D4007AC6BC /* ViewController.swift */,
				54D17DC928B361D4007AC6BC /* Main.storyboard */,
				54D17DCC28B361D5007AC6BC /* Assets.xcassets */,
				54D17DCE28B361D5007AC6BC /* LaunchScreen.storyboard */,
				54D17DD128B361D5007AC6BC /* Info.plist */,
			);
			path = ShoppingList;
			sourceTree = "<group>";
		};
		54D17DDF28B3650A007AC6BC /* Utility */ = {
			isa = PBXGroup;
			children = (
				54D17DE128B36521007AC6BC /* BaseView.swift */,
				54D17DE328B36528007AC6BC /* BaseViewController.swift */,
				5461CD9428B62CBD0032F75B /* BaseCollectionViewCell.swift */,
			);
			path = Utility;
			sourceTree = "<group>";
		};
		54D17DE028B36515007AC6BC /* CustomView */ = {
			isa = PBXGroup;
			children = (
				54C2627128B3C8E4006A9AF7 /* CustomTableViewCell.swift */,
			);
			path = CustomView;
			sourceTree = "<group>";
		};
/* End PBXGroup section */

/* Begin PBXNativeTarget section */
		54D17DBF28B361D4007AC6BC /* ShoppingList */ = {
			isa = PBXNativeTarget;
			buildConfigurationList = 54D17DD428B361D5007AC6BC /* Build configuration list for PBXNativeTarget "ShoppingList" */;
			buildPhases = (
				54D17DBC28B361D4007AC6BC /* Sources */,
				54D17DBD28B361D4007AC6BC /* Frameworks */,
				54D17DBE28B361D4007AC6BC /* Resources */,
			);
			buildRules = (
			);
			dependencies = (
			);
			name = ShoppingList;
			packageProductDependencies = (
				54D17DD828B36454007AC6BC /* SnapKit */,
				54D17DDB28B3647A007AC6BC /* Realm */,
				54D17DDD28B3647A007AC6BC /* RealmSwift */,
				5461CD9E28B65AE30032F75B /* Kingfisher */,
				5445F00E28B76C0A006A23F9 /* Zip */,
			);
			productName = ShoppingList;
			productReference = 54D17DC028B361D4007AC6BC /* ShoppingList.app */;
			productType = "com.apple.product-type.application";
		};
/* End PBXNativeTarget section */

/* Begin PBXProject section */
		54D17DB828B361D4007AC6BC /* Project object */ = {
			isa = PBXProject;
			attributes = {
				BuildIndependentTargetsInParallel = 1;
				LastSwiftUpdateCheck = 1340;
				LastUpgradeCheck = 1340;
				TargetAttributes = {
					54D17DBF28B361D4007AC6BC = {
						CreatedOnToolsVersion = 13.4.1;
					};
				};
			};
			buildConfigurationList = 54D17DBB28B361D4007AC6BC /* Build configuration list for PBXProject "ShoppingList" */;
			compatibilityVersion = "Xcode 13.0";
			developmentRegion = en;
			hasScannedForEncodings = 0;
			knownRegions = (
				en,
				Base,
			);
			mainGroup = 54D17DB728B361D4007AC6BC;
			packageReferences = (
				54D17DD728B36454007AC6BC /* XCRemoteSwiftPackageReference "SnapKit" */,
				54D17DDA28B3647A007AC6BC /* XCRemoteSwiftPackageReference "realm-swift" */,
				5461CD9D28B65AE30032F75B /* XCRemoteSwiftPackageReference "Kingfisher" */,
				5445F00D28B76C0A006A23F9 /* XCRemoteSwiftPackageReference "Zip" */,
			);
			productRefGroup = 54D17DC128B361D4007AC6BC /* Products */;
			projectDirPath = "";
			projectRoot = "";
			targets = (
				54D17DBF28B361D4007AC6BC /* ShoppingList */,
			);
		};
/* End PBXProject section */

/* Begin PBXResourcesBuildPhase section */
		54D17DBE28B361D4007AC6BC /* Resources */ = {
			isa = PBXResourcesBuildPhase;
			buildActionMask = 2147483647;
			files = (
				54D17DD028B361D5007AC6BC /* LaunchScreen.storyboard in Resources */,
				54D17DCD28B361D5007AC6BC /* Assets.xcassets in Resources */,
				54D17DCB28B361D4007AC6BC /* Main.storyboard in Resources */,
			);
			runOnlyForDeploymentPostprocessing = 0;
		};
/* End PBXResourcesBuildPhase section */

/* Begin PBXSourcesBuildPhase section */
		54D17DBC28B361D4007AC6BC /* Sources */ = {
			isa = PBXSourcesBuildPhase;
			buildActionMask = 2147483647;
			files = (
				54C2627228B3C8E4006A9AF7 /* CustomTableViewCell.swift in Sources */,
				54D17DE428B36528007AC6BC /* BaseViewController.swift in Sources */,
				54D17DC828B361D4007AC6BC /* ViewController.swift in Sources */,
				54D17DC428B361D4007AC6BC /* AppDelegate.swift in Sources */,
				54C33FA528B9EE1F00C4510D /* SearchViewController.swift in Sources */,
				54D17DC628B361D4007AC6BC /* SceneDelegate.swift in Sources */,
				5461CD9528B62CBD0032F75B /* BaseCollectionViewCell.swift in Sources */,
				5461CD9A28B654E00032F75B /* ImageDummyData.swift in Sources */,
				54C33FA728B9EF0800C4510D /* UserShoplistRepository.swift in Sources */,
				5437DFA928B5104F00C3F3DA /* DetailView.swift in Sources */,
				546EFC2E28BA36BD001804CF /* SearchView.swift in Sources */,
				54C33FA328B9EDF600C4510D /* TabbarViewController.swift in Sources */,
				54D17DE828B3656D007AC6BC /* ShoppingView.swift in Sources */,
				5461CDA228B65EFE0032F75B /* FileManager + Extension.swift in Sources */,
				5445F01228B76D89006A23F9 /* BackupViewController.swift in Sources */,
				54C2627028B3B630006A9AF7 /* RealmModel.swift in Sources */,
				5437DFA728B5103400C3F3DA /* DetailViewController.swift in Sources */,
				5445F01428B76D90006A23F9 /* BackupView.swift in Sources */,
				54D17DE628B36562007AC6BC /* ShoppingViewController.swift in Sources */,
				5461CD9C28B655B40032F75B /* ImageSearchCollectionViewCell.swift in Sources */,
				54D17DE228B36521007AC6BC /* BaseView.swift in Sources */,
			);
			runOnlyForDeploymentPostprocessing = 0;
		};
/* End PBXSourcesBuildPhase section */

/* Begin PBXVariantGroup section */
		54D17DC928B361D4007AC6BC /* Main.storyboard */ = {
			isa = PBXVariantGroup;
			children = (
				54D17DCA28B361D4007AC6BC /* Base */,
			);
			name = Main.storyboard;
			sourceTree = "<group>";
		};
		54D17DCE28B361D5007AC6BC /* LaunchScreen.storyboard */ = {
			isa = PBXVariantGroup;
			children = (
				54D17DCF28B361D5007AC6BC /* Base */,
			);
			name = LaunchScreen.storyboard;
			sourceTree = "<group>";
		};
/* End PBXVariantGroup section */

/* Begin XCBuildConfiguration section */
		54D17DD228B361D5007AC6BC /* Debug */ = {
			isa = XCBuildConfiguration;
			buildSettings = {
				ALWAYS_SEARCH_USER_PATHS = NO;
				CLANG_ANALYZER_NONNULL = YES;
				CLANG_ANALYZER_NUMBER_OBJECT_CONVERSION = YES_AGGRESSIVE;
				CLANG_CXX_LANGUAGE_STANDARD = "gnu++17";
				CLANG_ENABLE_MODULES = YES;
				CLANG_ENABLE_OBJC_ARC = YES;
				CLANG_ENABLE_OBJC_WEAK = YES;
				CLANG_WARN_BLOCK_CAPTURE_AUTORELEASING = YES;
				CLANG_WARN_BOOL_CONVERSION = YES;
				CLANG_WARN_COMMA = YES;
				CLANG_WARN_CONSTANT_CONVERSION = YES;
				CLANG_WARN_DEPRECATED_OBJC_IMPLEMENTATIONS = YES;
				CLANG_WARN_DIRECT_OBJC_ISA_USAGE = YES_ERROR;
				CLANG_WARN_DOCUMENTATION_COMMENTS = YES;
				CLANG_WARN_EMPTY_BODY = YES;
				CLANG_WARN_ENUM_CONVERSION = YES;
				CLANG_WARN_INFINITE_RECURSION = YES;
				CLANG_WARN_INT_CONVERSION = YES;
				CLANG_WARN_NON_LITERAL_NULL_CONVERSION = YES;
				CLANG_WARN_OBJC_IMPLICIT_RETAIN_SELF = YES;
				CLANG_WARN_OBJC_LITERAL_CONVERSION = YES;
				CLANG_WARN_OBJC_ROOT_CLASS = YES_ERROR;
				CLANG_WARN_QUOTED_INCLUDE_IN_FRAMEWORK_HEADER = YES;
				CLANG_WARN_RANGE_LOOP_ANALYSIS = YES;
				CLANG_WARN_STRICT_PROTOTYPES = YES;
				CLANG_WARN_SUSPICIOUS_MOVE = YES;
				CLANG_WARN_UNGUARDED_AVAILABILITY = YES_AGGRESSIVE;
				CLANG_WARN_UNREACHABLE_CODE = YES;
				CLANG_WARN__DUPLICATE_METHOD_MATCH = YES;
				COPY_PHASE_STRIP = NO;
				DEBUG_INFORMATION_FORMAT = dwarf;
				ENABLE_STRICT_OBJC_MSGSEND = YES;
				ENABLE_TESTABILITY = YES;
				GCC_C_LANGUAGE_STANDARD = gnu11;
				GCC_DYNAMIC_NO_PIC = NO;
				GCC_NO_COMMON_BLOCKS = YES;
				GCC_OPTIMIZATION_LEVEL = 0;
				GCC_PREPROCESSOR_DEFINITIONS = (
					"DEBUG=1",
					"$(inherited)",
				);
				GCC_WARN_64_TO_32_BIT_CONVERSION = YES;
				GCC_WARN_ABOUT_RETURN_TYPE = YES_ERROR;
				GCC_WARN_UNDECLARED_SELECTOR = YES;
				GCC_WARN_UNINITIALIZED_AUTOS = YES_AGGRESSIVE;
				GCC_WARN_UNUSED_FUNCTION = YES;
				GCC_WARN_UNUSED_VARIABLE = YES;
				IPHONEOS_DEPLOYMENT_TARGET = 15.5;
				MTL_ENABLE_DEBUG_INFO = INCLUDE_SOURCE;
				MTL_FAST_MATH = YES;
				ONLY_ACTIVE_ARCH = YES;
				SDKROOT = iphoneos;
				SWIFT_ACTIVE_COMPILATION_CONDITIONS = DEBUG;
				SWIFT_OPTIMIZATION_LEVEL = "-Onone";
			};
			name = Debug;
		};
		54D17DD328B361D5007AC6BC /* Release */ = {
			isa = XCBuildConfiguration;
			buildSettings = {
				ALWAYS_SEARCH_USER_PATHS = NO;
				CLANG_ANALYZER_NONNULL = YES;
				CLANG_ANALYZER_NUMBER_OBJECT_CONVERSION = YES_AGGRESSIVE;
				CLANG_CXX_LANGUAGE_STANDARD = "gnu++17";
				CLANG_ENABLE_MODULES = YES;
				CLANG_ENABLE_OBJC_ARC = YES;
				CLANG_ENABLE_OBJC_WEAK = YES;
				CLANG_WARN_BLOCK_CAPTURE_AUTORELEASING = YES;
				CLANG_WARN_BOOL_CONVERSION = YES;
				CLANG_WARN_COMMA = YES;
				CLANG_WARN_CONSTANT_CONVERSION = YES;
				CLANG_WARN_DEPRECATED_OBJC_IMPLEMENTATIONS = YES;
				CLANG_WARN_DIRECT_OBJC_ISA_USAGE = YES_ERROR;
				CLANG_WARN_DOCUMENTATION_COMMENTS = YES;
				CLANG_WARN_EMPTY_BODY = YES;
				CLANG_WARN_ENUM_CONVERSION = YES;
				CLANG_WARN_INFINITE_RECURSION = YES;
				CLANG_WARN_INT_CONVERSION = YES;
				CLANG_WARN_NON_LITERAL_NULL_CONVERSION = YES;
				CLANG_WARN_OBJC_IMPLICIT_RETAIN_SELF = YES;
				CLANG_WARN_OBJC_LITERAL_CONVERSION = YES;
				CLANG_WARN_OBJC_ROOT_CLASS = YES_ERROR;
				CLANG_WARN_QUOTED_INCLUDE_IN_FRAMEWORK_HEADER = YES;
				CLANG_WARN_RANGE_LOOP_ANALYSIS = YES;
				CLANG_WARN_STRICT_PROTOTYPES = YES;
				CLANG_WARN_SUSPICIOUS_MOVE = YES;
				CLANG_WARN_UNGUARDED_AVAILABILITY = YES_AGGRESSIVE;
				CLANG_WARN_UNREACHABLE_CODE = YES;
				CLANG_WARN__DUPLICATE_METHOD_MATCH = YES;
				COPY_PHASE_STRIP = NO;
				DEBUG_INFORMATION_FORMAT = "dwarf-with-dsym";
				ENABLE_NS_ASSERTIONS = NO;
				ENABLE_STRICT_OBJC_MSGSEND = YES;
				GCC_C_LANGUAGE_STANDARD = gnu11;
				GCC_NO_COMMON_BLOCKS = YES;
				GCC_WARN_64_TO_32_BIT_CONVERSION = YES;
				GCC_WARN_ABOUT_RETURN_TYPE = YES_ERROR;
				GCC_WARN_UNDECLARED_SELECTOR = YES;
				GCC_WARN_UNINITIALIZED_AUTOS = YES_AGGRESSIVE;
				GCC_WARN_UNUSED_FUNCTION = YES;
				GCC_WARN_UNUSED_VARIABLE = YES;
				IPHONEOS_DEPLOYMENT_TARGET = 15.5;
				MTL_ENABLE_DEBUG_INFO = NO;
				MTL_FAST_MATH = YES;
				SDKROOT = iphoneos;
				SWIFT_COMPILATION_MODE = wholemodule;
				SWIFT_OPTIMIZATION_LEVEL = "-O";
				VALIDATE_PRODUCT = YES;
			};
			name = Release;
		};
		54D17DD528B361D5007AC6BC /* Debug */ = {
			isa = XCBuildConfiguration;
			buildSettings = {
				ASSETCATALOG_COMPILER_APPICON_NAME = AppIcon;
				ASSETCATALOG_COMPILER_GLOBAL_ACCENT_COLOR_NAME = AccentColor;
				CODE_SIGN_STYLE = Automatic;
				CURRENT_PROJECT_VERSION = 1;
				DEVELOPMENT_TEAM = N67R5W6U5A;
				GENERATE_INFOPLIST_FILE = YES;
				INFOPLIST_FILE = ShoppingList/Info.plist;
				INFOPLIST_KEY_UIApplicationSupportsIndirectInputEvents = YES;
				INFOPLIST_KEY_UILaunchStoryboardName = LaunchScreen;
				INFOPLIST_KEY_UIMainStoryboardFile = Main;
				INFOPLIST_KEY_UISupportedInterfaceOrientations_iPad = "UIInterfaceOrientationPortrait UIInterfaceOrientationPortraitUpsideDown UIInterfaceOrientationLandscapeLeft UIInterfaceOrientationLandscapeRight";
				INFOPLIST_KEY_UISupportedInterfaceOrientations_iPhone = "UIInterfaceOrientationPortrait UIInterfaceOrientationLandscapeLeft UIInterfaceOrientationLandscapeRight";
				IPHONEOS_DEPLOYMENT_TARGET = 15.0;
				LD_RUNPATH_SEARCH_PATHS = (
					"$(inherited)",
					"@executable_path/Frameworks",
				);
				MARKETING_VERSION = 1.0;
				PRODUCT_BUNDLE_IDENTIFIER = michelle.ShoppingList;
				PRODUCT_NAME = "$(TARGET_NAME)";
				SWIFT_EMIT_LOC_STRINGS = YES;
				SWIFT_VERSION = 5.0;
				TARGETED_DEVICE_FAMILY = "1,2";
			};
			name = Debug;
		};
		54D17DD628B361D5007AC6BC /* Release */ = {
			isa = XCBuildConfiguration;
			buildSettings = {
				ASSETCATALOG_COMPILER_APPICON_NAME = AppIcon;
				ASSETCATALOG_COMPILER_GLOBAL_ACCENT_COLOR_NAME = AccentColor;
				CODE_SIGN_STYLE = Automatic;
				CURRENT_PROJECT_VERSION = 1;
				DEVELOPMENT_TEAM = N67R5W6U5A;
				GENERATE_INFOPLIST_FILE = YES;
				INFOPLIST_FILE = ShoppingList/Info.plist;
				INFOPLIST_KEY_UIApplicationSupportsIndirectInputEvents = YES;
				INFOPLIST_KEY_UILaunchStoryboardName = LaunchScreen;
				INFOPLIST_KEY_UIMainStoryboardFile = Main;
				INFOPLIST_KEY_UISupportedInterfaceOrientations_iPad = "UIInterfaceOrientationPortrait UIInterfaceOrientationPortraitUpsideDown UIInterfaceOrientationLandscapeLeft UIInterfaceOrientationLandscapeRight";
				INFOPLIST_KEY_UISupportedInterfaceOrientations_iPhone = "UIInterfaceOrientationPortrait UIInterfaceOrientationLandscapeLeft UIInterfaceOrientationLandscapeRight";
				IPHONEOS_DEPLOYMENT_TARGET = 15.0;
				LD_RUNPATH_SEARCH_PATHS = (
					"$(inherited)",
					"@executable_path/Frameworks",
				);
				MARKETING_VERSION = 1.0;
				PRODUCT_BUNDLE_IDENTIFIER = michelle.ShoppingList;
				PRODUCT_NAME = "$(TARGET_NAME)";
				SWIFT_EMIT_LOC_STRINGS = YES;
				SWIFT_VERSION = 5.0;
				TARGETED_DEVICE_FAMILY = "1,2";
			};
			name = Release;
		};
/* End XCBuildConfiguration section */

/* Begin XCConfigurationList section */
		54D17DBB28B361D4007AC6BC /* Build configuration list for PBXProject "ShoppingList" */ = {
			isa = XCConfigurationList;
			buildConfigurations = (
				54D17DD228B361D5007AC6BC /* Debug */,
				54D17DD328B361D5007AC6BC /* Release */,
			);
			defaultConfigurationIsVisible = 0;
			defaultConfigurationName = Release;
		};
		54D17DD428B361D5007AC6BC /* Build configuration list for PBXNativeTarget "ShoppingList" */ = {
			isa = XCConfigurationList;
			buildConfigurations = (
				54D17DD528B361D5007AC6BC /* Debug */,
				54D17DD628B361D5007AC6BC /* Release */,
			);
			defaultConfigurationIsVisible = 0;
			defaultConfigurationName = Release;
		};
/* End XCConfigurationList section */

/* Begin XCRemoteSwiftPackageReference section */
		5445F00D28B76C0A006A23F9 /* XCRemoteSwiftPackageReference "Zip" */ = {
			isa = XCRemoteSwiftPackageReference;
			repositoryURL = "https://github.com/marmelroy/Zip.git";
			requirement = {
				kind = upToNextMajorVersion;
				minimumVersion = 2.0.0;
			};
		};
		5461CD9D28B65AE30032F75B /* XCRemoteSwiftPackageReference "Kingfisher" */ = {
			isa = XCRemoteSwiftPackageReference;
			repositoryURL = "https://github.com/onevcat/Kingfisher.git";
			requirement = {
				kind = upToNextMajorVersion;
				minimumVersion = 7.0.0;
			};
		};
		54D17DD728B36454007AC6BC /* XCRemoteSwiftPackageReference "SnapKit" */ = {
			isa = XCRemoteSwiftPackageReference;
			repositoryURL = "https://github.com/SnapKit/SnapKit.git";
			requirement = {
				kind = upToNextMajorVersion;
				minimumVersion = 5.0.0;
			};
		};
		54D17DDA28B3647A007AC6BC /* XCRemoteSwiftPackageReference "realm-swift" */ = {
			isa = XCRemoteSwiftPackageReference;
			repositoryURL = "https://github.com/realm/realm-swift.git";
			requirement = {
				kind = upToNextMajorVersion;
				minimumVersion = 10.0.0;
			};
		};
/* End XCRemoteSwiftPackageReference section */

/* Begin XCSwiftPackageProductDependency section */
		5445F00E28B76C0A006A23F9 /* Zip */ = {
			isa = XCSwiftPackageProductDependency;
			package = 5445F00D28B76C0A006A23F9 /* XCRemoteSwiftPackageReference "Zip" */;
			productName = Zip;
		};
		5461CD9E28B65AE30032F75B /* Kingfisher */ = {
			isa = XCSwiftPackageProductDependency;
			package = 5461CD9D28B65AE30032F75B /* XCRemoteSwiftPackageReference "Kingfisher" */;
			productName = Kingfisher;
		};
		54D17DD828B36454007AC6BC /* SnapKit */ = {
			isa = XCSwiftPackageProductDependency;
			package = 54D17DD728B36454007AC6BC /* XCRemoteSwiftPackageReference "SnapKit" */;
			productName = SnapKit;
		};
		54D17DDB28B3647A007AC6BC /* Realm */ = {
			isa = XCSwiftPackageProductDependency;
			package = 54D17DDA28B3647A007AC6BC /* XCRemoteSwiftPackageReference "realm-swift" */;
			productName = Realm;
		};
		54D17DDD28B3647A007AC6BC /* RealmSwift */ = {
			isa = XCSwiftPackageProductDependency;
			package = 54D17DDA28B3647A007AC6BC /* XCRemoteSwiftPackageReference "realm-swift" */;
			productName = RealmSwift;
		};
/* End XCSwiftPackageProductDependency section */
	};
	rootObject = 54D17DB828B361D4007AC6BC /* Project object */;
}
