// !$*UTF8*$!
{
	archiveVersion = 1;
	classes = {
	};
	objectVersion = 55;
	objects = {

/* Begin PBXBuildFile section */
		5419AE422886992D0031812E /* Shopping.storyboard in Resources */ = {isa = PBXBuildFile; fileRef = 5419AE412886992D0031812E /* Shopping.storyboard */; };
		5419AE442886A32D0031812E /* ShoppingTableViewCell.swift in Sources */ = {isa = PBXBuildFile; fileRef = 5419AE432886A32D0031812E /* ShoppingTableViewCell.swift */; };
		5419AE462886A39E0031812E /* ShoppingTableViewController.swift in Sources */ = {isa = PBXBuildFile; fileRef = 5419AE452886A39E0031812E /* ShoppingTableViewController.swift */; };
		5419AE482886BC060031812E /* MovieInfoTableViewController.swift in Sources */ = {isa = PBXBuildFile; fileRef = 5419AE472886BC060031812E /* MovieInfoTableViewController.swift */; };
		5419AE4A2886BC2C0031812E /* MovieInfoTableViewCell.swift in Sources */ = {isa = PBXBuildFile; fileRef = 5419AE492886BC2C0031812E /* MovieInfoTableViewCell.swift */; };
		5444C38D28855AAA00914AB8 /* AssignmentStaticTableViewController.swift in Sources */ = {isa = PBXBuildFile; fileRef = 5444C38C28855AAA00914AB8 /* AssignmentStaticTableViewController.swift */; };
		546C2E97288636870051AAED /* OptionsTableViewController.swift in Sources */ = {isa = PBXBuildFile; fileRef = 546C2E96288636870051AAED /* OptionsTableViewController.swift */; };
		546C2E992886401B0051AAED /* Search.storyboard in Resources */ = {isa = PBXBuildFile; fileRef = 546C2E982886401B0051AAED /* Search.storyboard */; };
		546C2E9B2886404A0051AAED /* Trend.storyboard in Resources */ = {isa = PBXBuildFile; fileRef = 546C2E9A2886404A0051AAED /* Trend.storyboard */; };
		546C2E9D288640840051AAED /* Intro.storyboard in Resources */ = {isa = PBXBuildFile; fileRef = 546C2E9C288640840051AAED /* Intro.storyboard */; };
		546C2E9F288644030051AAED /* TrendViewController.swift in Sources */ = {isa = PBXBuildFile; fileRef = 546C2E9E288644030051AAED /* TrendViewController.swift */; };
		546C2EA12886441D0051AAED /* SearchViewController.swift in Sources */ = {isa = PBXBuildFile; fileRef = 546C2EA02886441D0051AAED /* SearchViewController.swift */; };
		546C2EA3288645240051AAED /* UIViewController+Extension.swift in Sources */ = {isa = PBXBuildFile; fileRef = 546C2EA2288645240051AAED /* UIViewController+Extension.swift */; };
		546C2EA52886479A0051AAED /* UITextField+Extension.swift in Sources */ = {isa = PBXBuildFile; fileRef = 546C2EA42886479A0051AAED /* UITextField+Extension.swift */; };
		546C2EA728864BA30051AAED /* BucketlistTableViewController.swift in Sources */ = {isa = PBXBuildFile; fileRef = 546C2EA628864BA30051AAED /* BucketlistTableViewController.swift */; };
		546C2EA928864DA50051AAED /* BucketlistTableViewCell.swift in Sources */ = {isa = PBXBuildFile; fileRef = 546C2EA828864DA50051AAED /* BucketlistTableViewCell.swift */; };
		54C06F1C2884DDCD001C7719 /* AppDelegate.swift in Sources */ = {isa = PBXBuildFile; fileRef = 54C06F1B2884DDCD001C7719 /* AppDelegate.swift */; };
		54C06F1E2884DDCD001C7719 /* SceneDelegate.swift in Sources */ = {isa = PBXBuildFile; fileRef = 54C06F1D2884DDCD001C7719 /* SceneDelegate.swift */; };
		54C06F202884DDCD001C7719 /* ViewController.swift in Sources */ = {isa = PBXBuildFile; fileRef = 54C06F1F2884DDCD001C7719 /* ViewController.swift */; };
		54C06F232884DDCD001C7719 /* Main.storyboard in Resources */ = {isa = PBXBuildFile; fileRef = 54C06F212884DDCD001C7719 /* Main.storyboard */; };
		54C06F252884DDCD001C7719 /* Assets.xcassets in Resources */ = {isa = PBXBuildFile; fileRef = 54C06F242884DDCD001C7719 /* Assets.xcassets */; };
		54C06F282884DDCD001C7719 /* LaunchScreen.storyboard in Resources */ = {isa = PBXBuildFile; fileRef = 54C06F262884DDCD001C7719 /* LaunchScreen.storyboard */; };
		54C06F302884F11B001C7719 /* Home.storyboard in Resources */ = {isa = PBXBuildFile; fileRef = 54C06F2F2884F11B001C7719 /* Home.storyboard */; };
		54C06F322884FE48001C7719 /* SettingTableViewController.swift in Sources */ = {isa = PBXBuildFile; fileRef = 54C06F312884FE48001C7719 /* SettingTableViewController.swift */; };
		54C06F3428850FF8001C7719 /* Assignment.storyboard in Resources */ = {isa = PBXBuildFile; fileRef = 54C06F3328850FF8001C7719 /* Assignment.storyboard */; };
		54C06F362885100D001C7719 /* AssignmentTableViewController.swift in Sources */ = {isa = PBXBuildFile; fileRef = 54C06F352885100D001C7719 /* AssignmentTableViewController.swift */; };
/* End PBXBuildFile section */

/* Begin PBXFileReference section */
		5419AE412886992D0031812E /* Shopping.storyboard */ = {isa = PBXFileReference; lastKnownFileType = file.storyboard; path = Shopping.storyboard; sourceTree = "<group>"; };
		5419AE432886A32D0031812E /* ShoppingTableViewCell.swift */ = {isa = PBXFileReference; lastKnownFileType = sourcecode.swift; path = ShoppingTableViewCell.swift; sourceTree = "<group>"; };
		5419AE452886A39E0031812E /* ShoppingTableViewController.swift */ = {isa = PBXFileReference; lastKnownFileType = sourcecode.swift; path = ShoppingTableViewController.swift; sourceTree = "<group>"; };
		5419AE472886BC060031812E /* MovieInfoTableViewController.swift */ = {isa = PBXFileReference; lastKnownFileType = sourcecode.swift; path = MovieInfoTableViewController.swift; sourceTree = "<group>"; };
		5419AE492886BC2C0031812E /* MovieInfoTableViewCell.swift */ = {isa = PBXFileReference; lastKnownFileType = sourcecode.swift; path = MovieInfoTableViewCell.swift; sourceTree = "<group>"; };
		5444C38C28855AAA00914AB8 /* AssignmentStaticTableViewController.swift */ = {isa = PBXFileReference; lastKnownFileType = sourcecode.swift; path = AssignmentStaticTableViewController.swift; sourceTree = "<group>"; };
		546C2E96288636870051AAED /* OptionsTableViewController.swift */ = {isa = PBXFileReference; lastKnownFileType = sourcecode.swift; path = OptionsTableViewController.swift; sourceTree = "<group>"; };
		546C2E982886401B0051AAED /* Search.storyboard */ = {isa = PBXFileReference; lastKnownFileType = file.storyboard; path = Search.storyboard; sourceTree = "<group>"; };
		546C2E9A2886404A0051AAED /* Trend.storyboard */ = {isa = PBXFileReference; lastKnownFileType = file.storyboard; path = Trend.storyboard; sourceTree = "<group>"; };
		546C2E9C288640840051AAED /* Intro.storyboard */ = {isa = PBXFileReference; lastKnownFileType = file.storyboard; path = Intro.storyboard; sourceTree = "<group>"; };
		546C2E9E288644030051AAED /* TrendViewController.swift */ = {isa = PBXFileReference; lastKnownFileType = sourcecode.swift; path = TrendViewController.swift; sourceTree = "<group>"; };
		546C2EA02886441D0051AAED /* SearchViewController.swift */ = {isa = PBXFileReference; lastKnownFileType = sourcecode.swift; path = SearchViewController.swift; sourceTree = "<group>"; };
		546C2EA2288645240051AAED /* UIViewController+Extension.swift */ = {isa = PBXFileReference; lastKnownFileType = sourcecode.swift; path = "UIViewController+Extension.swift"; sourceTree = "<group>"; };
		546C2EA42886479A0051AAED /* UITextField+Extension.swift */ = {isa = PBXFileReference; lastKnownFileType = sourcecode.swift; path = "UITextField+Extension.swift"; sourceTree = "<group>"; };
		546C2EA628864BA30051AAED /* BucketlistTableViewController.swift */ = {isa = PBXFileReference; lastKnownFileType = sourcecode.swift; path = BucketlistTableViewController.swift; sourceTree = "<group>"; };
		546C2EA828864DA50051AAED /* BucketlistTableViewCell.swift */ = {isa = PBXFileReference; lastKnownFileType = sourcecode.swift; path = BucketlistTableViewCell.swift; sourceTree = "<group>"; };
		54C06F182884DDCD001C7719 /* TrendMedia.app */ = {isa = PBXFileReference; explicitFileType = wrapper.application; includeInIndex = 0; path = TrendMedia.app; sourceTree = BUILT_PRODUCTS_DIR; };
		54C06F1B2884DDCD001C7719 /* AppDelegate.swift */ = {isa = PBXFileReference; lastKnownFileType = sourcecode.swift; path = AppDelegate.swift; sourceTree = "<group>"; };
		54C06F1D2884DDCD001C7719 /* SceneDelegate.swift */ = {isa = PBXFileReference; lastKnownFileType = sourcecode.swift; path = SceneDelegate.swift; sourceTree = "<group>"; };
		54C06F1F2884DDCD001C7719 /* ViewController.swift */ = {isa = PBXFileReference; lastKnownFileType = sourcecode.swift; path = ViewController.swift; sourceTree = "<group>"; };
		54C06F222884DDCD001C7719 /* Base */ = {isa = PBXFileReference; lastKnownFileType = file.storyboard; name = Base; path = Base.lproj/Main.storyboard; sourceTree = "<group>"; };
		54C06F242884DDCD001C7719 /* Assets.xcassets */ = {isa = PBXFileReference; lastKnownFileType = folder.assetcatalog; path = Assets.xcassets; sourceTree = "<group>"; };
		54C06F272884DDCD001C7719 /* Base */ = {isa = PBXFileReference; lastKnownFileType = file.storyboard; name = Base; path = Base.lproj/LaunchScreen.storyboard; sourceTree = "<group>"; };
		54C06F292884DDCD001C7719 /* Info.plist */ = {isa = PBXFileReference; lastKnownFileType = text.plist.xml; path = Info.plist; sourceTree = "<group>"; };
		54C06F2F2884F11B001C7719 /* Home.storyboard */ = {isa = PBXFileReference; lastKnownFileType = file.storyboard; path = Home.storyboard; sourceTree = "<group>"; };
		54C06F312884FE48001C7719 /* SettingTableViewController.swift */ = {isa = PBXFileReference; lastKnownFileType = sourcecode.swift; path = SettingTableViewController.swift; sourceTree = "<group>"; };
		54C06F3328850FF8001C7719 /* Assignment.storyboard */ = {isa = PBXFileReference; lastKnownFileType = file.storyboard; path = Assignment.storyboard; sourceTree = "<group>"; };
		54C06F352885100D001C7719 /* AssignmentTableViewController.swift */ = {isa = PBXFileReference; lastKnownFileType = sourcecode.swift; path = AssignmentTableViewController.swift; sourceTree = "<group>"; };
/* End PBXFileReference section */

/* Begin PBXFrameworksBuildPhase section */
		54C06F152884DDCD001C7719 /* Frameworks */ = {
			isa = PBXFrameworksBuildPhase;
			buildActionMask = 2147483647;
			files = (
			);
			runOnlyForDeploymentPostprocessing = 0;
		};
/* End PBXFrameworksBuildPhase section */

/* Begin PBXGroup section */
		5419AE362886869F0031812E /* Main */ = {
			isa = PBXGroup;
			children = (
				54C06F212884DDCD001C7719 /* Main.storyboard */,
				54C06F1F2884DDCD001C7719 /* ViewController.swift */,
			);
			path = Main;
			sourceTree = "<group>";
		};
		5419AE38288686F20031812E /* Home */ = {
			isa = PBXGroup;
			children = (
				54C06F2F2884F11B001C7719 /* Home.storyboard */,
				54C06F312884FE48001C7719 /* SettingTableViewController.swift */,
			);
			path = Home;
			sourceTree = "<group>";
		};
		5419AE39288687240031812E /* Assignment */ = {
			isa = PBXGroup;
			children = (
				54C06F3328850FF8001C7719 /* Assignment.storyboard */,
				5444C38C28855AAA00914AB8 /* AssignmentStaticTableViewController.swift */,
				54C06F352885100D001C7719 /* AssignmentTableViewController.swift */,
				546C2E96288636870051AAED /* OptionsTableViewController.swift */,
			);
			path = Assignment;
			sourceTree = "<group>";
		};
		5419AE3B2886878F0031812E /* Trend */ = {
			isa = PBXGroup;
			children = (
				546C2E9A2886404A0051AAED /* Trend.storyboard */,
				546C2EA628864BA30051AAED /* BucketlistTableViewController.swift */,
				546C2EA828864DA50051AAED /* BucketlistTableViewCell.swift */,
				546C2E9E288644030051AAED /* TrendViewController.swift */,
			);
			path = Trend;
			sourceTree = "<group>";
		};
		5419AE3C288687F10031812E /* Search */ = {
			isa = PBXGroup;
			children = (
				546C2E982886401B0051AAED /* Search.storyboard */,
				5419AE492886BC2C0031812E /* MovieInfoTableViewCell.swift */,
				5419AE472886BC060031812E /* MovieInfoTableViewController.swift */,
				546C2EA02886441D0051AAED /* SearchViewController.swift */,
			);
			path = Search;
			sourceTree = "<group>";
		};
		5419AE3E288688650031812E /* Extension */ = {
			isa = PBXGroup;
			children = (
				546C2EA2288645240051AAED /* UIViewController+Extension.swift */,
				546C2EA42886479A0051AAED /* UITextField+Extension.swift */,
			);
			path = Extension;
			sourceTree = "<group>";
		};
		5419AE40288699130031812E /* Shopping */ = {
			isa = PBXGroup;
			children = (
				5419AE412886992D0031812E /* Shopping.storyboard */,
				5419AE432886A32D0031812E /* ShoppingTableViewCell.swift */,
				5419AE452886A39E0031812E /* ShoppingTableViewController.swift */,
			);
			path = Shopping;
			sourceTree = "<group>";
		};
		54C06F0F2884DDCC001C7719 = {
			isa = PBXGroup;
			children = (
				54C06F1A2884DDCD001C7719 /* TrendMedia */,
				54C06F192884DDCD001C7719 /* Products */,
			);
			sourceTree = "<group>";
		};
		54C06F192884DDCD001C7719 /* Products */ = {
			isa = PBXGroup;
			children = (
				54C06F182884DDCD001C7719 /* TrendMedia.app */,
			);
			name = Products;
			sourceTree = "<group>";
		};
		54C06F1A2884DDCD001C7719 /* TrendMedia */ = {
			isa = PBXGroup;
			children = (
				54C06F1B2884DDCD001C7719 /* AppDelegate.swift */,
				54C06F1D2884DDCD001C7719 /* SceneDelegate.swift */,
				5419AE40288699130031812E /* Shopping */,
				5419AE3E288688650031812E /* Extension */,
				5419AE3C288687F10031812E /* Search */,
				5419AE3B2886878F0031812E /* Trend */,
				5419AE39288687240031812E /* Assignment */,
				5419AE38288686F20031812E /* Home */,
				5419AE362886869F0031812E /* Main */,
				546C2E9C288640840051AAED /* Intro.storyboard */,
				54C06F242884DDCD001C7719 /* Assets.xcassets */,
				54C06F262884DDCD001C7719 /* LaunchScreen.storyboard */,
				54C06F292884DDCD001C7719 /* Info.plist */,
			);
			path = TrendMedia;
			sourceTree = "<group>";
		};
/* End PBXGroup section */

/* Begin PBXNativeTarget section */
		54C06F172884DDCD001C7719 /* TrendMedia */ = {
			isa = PBXNativeTarget;
			buildConfigurationList = 54C06F2C2884DDCD001C7719 /* Build configuration list for PBXNativeTarget "TrendMedia" */;
			buildPhases = (
				54C06F142884DDCD001C7719 /* Sources */,
				54C06F152884DDCD001C7719 /* Frameworks */,
				54C06F162884DDCD001C7719 /* Resources */,
			);
			buildRules = (
			);
			dependencies = (
			);
			name = TrendMedia;
			productName = TrendMedia;
			productReference = 54C06F182884DDCD001C7719 /* TrendMedia.app */;
			productType = "com.apple.product-type.application";
		};
/* End PBXNativeTarget section */

/* Begin PBXProject section */
		54C06F102884DDCC001C7719 /* Project object */ = {
			isa = PBXProject;
			attributes = {
				BuildIndependentTargetsInParallel = 1;
				LastSwiftUpdateCheck = 1340;
				LastUpgradeCheck = 1340;
				TargetAttributes = {
					54C06F172884DDCD001C7719 = {
						CreatedOnToolsVersion = 13.4.1;
					};
				};
			};
			buildConfigurationList = 54C06F132884DDCC001C7719 /* Build configuration list for PBXProject "TrendMedia" */;
			compatibilityVersion = "Xcode 13.0";
			developmentRegion = en;
			hasScannedForEncodings = 0;
			knownRegions = (
				en,
				Base,
			);
			mainGroup = 54C06F0F2884DDCC001C7719;
			productRefGroup = 54C06F192884DDCD001C7719 /* Products */;
			projectDirPath = "";
			projectRoot = "";
			targets = (
				54C06F172884DDCD001C7719 /* TrendMedia */,
			);
		};
/* End PBXProject section */

/* Begin PBXResourcesBuildPhase section */
		54C06F162884DDCD001C7719 /* Resources */ = {
			isa = PBXResourcesBuildPhase;
			buildActionMask = 2147483647;
			files = (
				546C2E9B2886404A0051AAED /* Trend.storyboard in Resources */,
				54C06F282884DDCD001C7719 /* LaunchScreen.storyboard in Resources */,
				54C06F252884DDCD001C7719 /* Assets.xcassets in Resources */,
				546C2E9D288640840051AAED /* Intro.storyboard in Resources */,
				54C06F232884DDCD001C7719 /* Main.storyboard in Resources */,
				54C06F302884F11B001C7719 /* Home.storyboard in Resources */,
				5419AE422886992D0031812E /* Shopping.storyboard in Resources */,
				546C2E992886401B0051AAED /* Search.storyboard in Resources */,
				54C06F3428850FF8001C7719 /* Assignment.storyboard in Resources */,
			);
			runOnlyForDeploymentPostprocessing = 0;
		};
/* End PBXResourcesBuildPhase section */

/* Begin PBXSourcesBuildPhase section */
		54C06F142884DDCD001C7719 /* Sources */ = {
			isa = PBXSourcesBuildPhase;
			buildActionMask = 2147483647;
			files = (
				5419AE482886BC060031812E /* MovieInfoTableViewController.swift in Sources */,
				546C2E9F288644030051AAED /* TrendViewController.swift in Sources */,
				5444C38D28855AAA00914AB8 /* AssignmentStaticTableViewController.swift in Sources */,
				54C06F322884FE48001C7719 /* SettingTableViewController.swift in Sources */,
				546C2EA12886441D0051AAED /* SearchViewController.swift in Sources */,
				54C06F202884DDCD001C7719 /* ViewController.swift in Sources */,
				5419AE442886A32D0031812E /* ShoppingTableViewCell.swift in Sources */,
				54C06F1C2884DDCD001C7719 /* AppDelegate.swift in Sources */,
				546C2EA52886479A0051AAED /* UITextField+Extension.swift in Sources */,
				546C2EA728864BA30051AAED /* BucketlistTableViewController.swift in Sources */,
				546C2E97288636870051AAED /* OptionsTableViewController.swift in Sources */,
				54C06F1E2884DDCD001C7719 /* SceneDelegate.swift in Sources */,
				546C2EA3288645240051AAED /* UIViewController+Extension.swift in Sources */,
				546C2EA928864DA50051AAED /* BucketlistTableViewCell.swift in Sources */,
				5419AE4A2886BC2C0031812E /* MovieInfoTableViewCell.swift in Sources */,
				5419AE462886A39E0031812E /* ShoppingTableViewController.swift in Sources */,
				54C06F362885100D001C7719 /* AssignmentTableViewController.swift in Sources */,
			);
			runOnlyForDeploymentPostprocessing = 0;
		};
/* End PBXSourcesBuildPhase section */

/* Begin PBXVariantGroup section */
		54C06F212884DDCD001C7719 /* Main.storyboard */ = {
			isa = PBXVariantGroup;
			children = (
				54C06F222884DDCD001C7719 /* Base */,
			);
			name = Main.storyboard;
			sourceTree = "<group>";
		};
		54C06F262884DDCD001C7719 /* LaunchScreen.storyboard */ = {
			isa = PBXVariantGroup;
			children = (
				54C06F272884DDCD001C7719 /* Base */,
			);
			name = LaunchScreen.storyboard;
			sourceTree = "<group>";
		};
/* End PBXVariantGroup section */

/* Begin XCBuildConfiguration section */
		54C06F2A2884DDCD001C7719 /* Debug */ = {
			isa = XCBuildConfiguration;
			buildSettings = {
				ALWAYS_SEARCH_USER_PATHS = NO;
				CLANG_ANALYZER_NONNULL = YES;
				CLANG_ANALYZER_NUMBER_OBJECT_CONVERSION = YES_AGGRESSIVE;
				CLANG_CXX_LANGUAGE_STANDARD = "gnu++17";
				CLANG_ENABLE_MODULES = YES;
				CLANG_ENABLE_OBJC_ARC = YES;
				CLANG_ENABLE_OBJC_WEAK = YES;
				CLANG_WARN_BLOCK_CAPTURE_AUTORELEASING = YES;
				CLANG_WARN_BOOL_CONVERSION = YES;
				CLANG_WARN_COMMA = YES;
				CLANG_WARN_CONSTANT_CONVERSION = YES;
				CLANG_WARN_DEPRECATED_OBJC_IMPLEMENTATIONS = YES;
				CLANG_WARN_DIRECT_OBJC_ISA_USAGE = YES_ERROR;
				CLANG_WARN_DOCUMENTATION_COMMENTS = YES;
				CLANG_WARN_EMPTY_BODY = YES;
				CLANG_WARN_ENUM_CONVERSION = YES;
				CLANG_WARN_INFINITE_RECURSION = YES;
				CLANG_WARN_INT_CONVERSION = YES;
				CLANG_WARN_NON_LITERAL_NULL_CONVERSION = YES;
				CLANG_WARN_OBJC_IMPLICIT_RETAIN_SELF = YES;
				CLANG_WARN_OBJC_LITERAL_CONVERSION = YES;
				CLANG_WARN_OBJC_ROOT_CLASS = YES_ERROR;
				CLANG_WARN_QUOTED_INCLUDE_IN_FRAMEWORK_HEADER = YES;
				CLANG_WARN_RANGE_LOOP_ANALYSIS = YES;
				CLANG_WARN_STRICT_PROTOTYPES = YES;
				CLANG_WARN_SUSPICIOUS_MOVE = YES;
				CLANG_WARN_UNGUARDED_AVAILABILITY = YES_AGGRESSIVE;
				CLANG_WARN_UNREACHABLE_CODE = YES;
				CLANG_WARN__DUPLICATE_METHOD_MATCH = YES;
				COPY_PHASE_STRIP = NO;
				DEBUG_INFORMATION_FORMAT = dwarf;
				ENABLE_STRICT_OBJC_MSGSEND = YES;
				ENABLE_TESTABILITY = YES;
				GCC_C_LANGUAGE_STANDARD = gnu11;
				GCC_DYNAMIC_NO_PIC = NO;
				GCC_NO_COMMON_BLOCKS = YES;
				GCC_OPTIMIZATION_LEVEL = 0;
				GCC_PREPROCESSOR_DEFINITIONS = (
					"DEBUG=1",
					"$(inherited)",
				);
				GCC_WARN_64_TO_32_BIT_CONVERSION = YES;
				GCC_WARN_ABOUT_RETURN_TYPE = YES_ERROR;
				GCC_WARN_UNDECLARED_SELECTOR = YES;
				GCC_WARN_UNINITIALIZED_AUTOS = YES_AGGRESSIVE;
				GCC_WARN_UNUSED_FUNCTION = YES;
				GCC_WARN_UNUSED_VARIABLE = YES;
				IPHONEOS_DEPLOYMENT_TARGET = 15.5;
				MTL_ENABLE_DEBUG_INFO = INCLUDE_SOURCE;
				MTL_FAST_MATH = YES;
				ONLY_ACTIVE_ARCH = YES;
				SDKROOT = iphoneos;
				SWIFT_ACTIVE_COMPILATION_CONDITIONS = DEBUG;
				SWIFT_OPTIMIZATION_LEVEL = "-Onone";
			};
			name = Debug;
		};
		54C06F2B2884DDCD001C7719 /* Release */ = {
			isa = XCBuildConfiguration;
			buildSettings = {
				ALWAYS_SEARCH_USER_PATHS = NO;
				CLANG_ANALYZER_NONNULL = YES;
				CLANG_ANALYZER_NUMBER_OBJECT_CONVERSION = YES_AGGRESSIVE;
				CLANG_CXX_LANGUAGE_STANDARD = "gnu++17";
				CLANG_ENABLE_MODULES = YES;
				CLANG_ENABLE_OBJC_ARC = YES;
				CLANG_ENABLE_OBJC_WEAK = YES;
				CLANG_WARN_BLOCK_CAPTURE_AUTORELEASING = YES;
				CLANG_WARN_BOOL_CONVERSION = YES;
				CLANG_WARN_COMMA = YES;
				CLANG_WARN_CONSTANT_CONVERSION = YES;
				CLANG_WARN_DEPRECATED_OBJC_IMPLEMENTATIONS = YES;
				CLANG_WARN_DIRECT_OBJC_ISA_USAGE = YES_ERROR;
				CLANG_WARN_DOCUMENTATION_COMMENTS = YES;
				CLANG_WARN_EMPTY_BODY = YES;
				CLANG_WARN_ENUM_CONVERSION = YES;
				CLANG_WARN_INFINITE_RECURSION = YES;
				CLANG_WARN_INT_CONVERSION = YES;
				CLANG_WARN_NON_LITERAL_NULL_CONVERSION = YES;
				CLANG_WARN_OBJC_IMPLICIT_RETAIN_SELF = YES;
				CLANG_WARN_OBJC_LITERAL_CONVERSION = YES;
				CLANG_WARN_OBJC_ROOT_CLASS = YES_ERROR;
				CLANG_WARN_QUOTED_INCLUDE_IN_FRAMEWORK_HEADER = YES;
				CLANG_WARN_RANGE_LOOP_ANALYSIS = YES;
				CLANG_WARN_STRICT_PROTOTYPES = YES;
				CLANG_WARN_SUSPICIOUS_MOVE = YES;
				CLANG_WARN_UNGUARDED_AVAILABILITY = YES_AGGRESSIVE;
				CLANG_WARN_UNREACHABLE_CODE = YES;
				CLANG_WARN__DUPLICATE_METHOD_MATCH = YES;
				COPY_PHASE_STRIP = NO;
				DEBUG_INFORMATION_FORMAT = "dwarf-with-dsym";
				ENABLE_NS_ASSERTIONS = NO;
				ENABLE_STRICT_OBJC_MSGSEND = YES;
				GCC_C_LANGUAGE_STANDARD = gnu11;
				GCC_NO_COMMON_BLOCKS = YES;
				GCC_WARN_64_TO_32_BIT_CONVERSION = YES;
				GCC_WARN_ABOUT_RETURN_TYPE = YES_ERROR;
				GCC_WARN_UNDECLARED_SELECTOR = YES;
				GCC_WARN_UNINITIALIZED_AUTOS = YES_AGGRESSIVE;
				GCC_WARN_UNUSED_FUNCTION = YES;
				GCC_WARN_UNUSED_VARIABLE = YES;
				IPHONEOS_DEPLOYMENT_TARGET = 15.5;
				MTL_ENABLE_DEBUG_INFO = NO;
				MTL_FAST_MATH = YES;
				SDKROOT = iphoneos;
				SWIFT_COMPILATION_MODE = wholemodule;
				SWIFT_OPTIMIZATION_LEVEL = "-O";
				VALIDATE_PRODUCT = YES;
			};
			name = Release;
		};
		54C06F2D2884DDCD001C7719 /* Debug */ = {
			isa = XCBuildConfiguration;
			buildSettings = {
				ASSETCATALOG_COMPILER_APPICON_NAME = AppIcon;
				ASSETCATALOG_COMPILER_GLOBAL_ACCENT_COLOR_NAME = AccentColor;
				CODE_SIGN_STYLE = Automatic;
				CURRENT_PROJECT_VERSION = 1;
				GENERATE_INFOPLIST_FILE = YES;
				INFOPLIST_FILE = TrendMedia/Info.plist;
				INFOPLIST_KEY_UIApplicationSupportsIndirectInputEvents = YES;
				INFOPLIST_KEY_UILaunchStoryboardName = LaunchScreen;
				INFOPLIST_KEY_UIMainStoryboardFile = Shopping;
				INFOPLIST_KEY_UISupportedInterfaceOrientations_iPad = "UIInterfaceOrientationPortrait UIInterfaceOrientationPortraitUpsideDown UIInterfaceOrientationLandscapeLeft UIInterfaceOrientationLandscapeRight";
				INFOPLIST_KEY_UISupportedInterfaceOrientations_iPhone = "UIInterfaceOrientationPortrait UIInterfaceOrientationLandscapeLeft UIInterfaceOrientationLandscapeRight";
				LD_RUNPATH_SEARCH_PATHS = (
					"$(inherited)",
					"@executable_path/Frameworks",
				);
				MARKETING_VERSION = 1.0;
				PRODUCT_BUNDLE_IDENTIFIER = michelle.TrendMedia;
				PRODUCT_NAME = "$(TARGET_NAME)";
				SWIFT_EMIT_LOC_STRINGS = YES;
				SWIFT_VERSION = 5.0;
				TARGETED_DEVICE_FAMILY = "1,2";
			};
			name = Debug;
		};
		54C06F2E2884DDCD001C7719 /* Release */ = {
			isa = XCBuildConfiguration;
			buildSettings = {
				ASSETCATALOG_COMPILER_APPICON_NAME = AppIcon;
				ASSETCATALOG_COMPILER_GLOBAL_ACCENT_COLOR_NAME = AccentColor;
				CODE_SIGN_STYLE = Automatic;
				CURRENT_PROJECT_VERSION = 1;
				GENERATE_INFOPLIST_FILE = YES;
				INFOPLIST_FILE = TrendMedia/Info.plist;
				INFOPLIST_KEY_UIApplicationSupportsIndirectInputEvents = YES;
				INFOPLIST_KEY_UILaunchStoryboardName = LaunchScreen;
				INFOPLIST_KEY_UIMainStoryboardFile = Shopping;
				INFOPLIST_KEY_UISupportedInterfaceOrientations_iPad = "UIInterfaceOrientationPortrait UIInterfaceOrientationPortraitUpsideDown UIInterfaceOrientationLandscapeLeft UIInterfaceOrientationLandscapeRight";
				INFOPLIST_KEY_UISupportedInterfaceOrientations_iPhone = "UIInterfaceOrientationPortrait UIInterfaceOrientationLandscapeLeft UIInterfaceOrientationLandscapeRight";
				LD_RUNPATH_SEARCH_PATHS = (
					"$(inherited)",
					"@executable_path/Frameworks",
				);
				MARKETING_VERSION = 1.0;
				PRODUCT_BUNDLE_IDENTIFIER = michelle.TrendMedia;
				PRODUCT_NAME = "$(TARGET_NAME)";
				SWIFT_EMIT_LOC_STRINGS = YES;
				SWIFT_VERSION = 5.0;
				TARGETED_DEVICE_FAMILY = "1,2";
			};
			name = Release;
		};
/* End XCBuildConfiguration section */

/* Begin XCConfigurationList section */
		54C06F132884DDCC001C7719 /* Build configuration list for PBXProject "TrendMedia" */ = {
			isa = XCConfigurationList;
			buildConfigurations = (
				54C06F2A2884DDCD001C7719 /* Debug */,
				54C06F2B2884DDCD001C7719 /* Release */,
			);
			defaultConfigurationIsVisible = 0;
			defaultConfigurationName = Release;
		};
		54C06F2C2884DDCD001C7719 /* Build configuration list for PBXNativeTarget "TrendMedia" */ = {
			isa = XCConfigurationList;
			buildConfigurations = (
				54C06F2D2884DDCD001C7719 /* Debug */,
				54C06F2E2884DDCD001C7719 /* Release */,
			);
			defaultConfigurationIsVisible = 0;
			defaultConfigurationName = Release;
		};
/* End XCConfigurationList section */
	};
	rootObject = 54C06F102884DDCC001C7719 /* Project object */;
}
